// !$*UTF8*$!
{
	archiveVersion = 1;
	classes = {
	};
	objectVersion = 48;
	objects = {

/* Begin PBXBuildFile section */
		F41B25A41FA680A700B0D15D /* CoreDataStack.swift in Sources */ = {isa = PBXBuildFile; fileRef = F41B25A31FA680A700B0D15D /* CoreDataStack.swift */; };
		F41B25E11FA93E8700B0D15D /* Constants.swift in Sources */ = {isa = PBXBuildFile; fileRef = F41B25DE1FA93E7900B0D15D /* Constants.swift */; };
		F41B25E31FA95BFA00B0D15D /* Constants.swift in Sources */ = {isa = PBXBuildFile; fileRef = F41B25E21FA95BFA00B0D15D /* Constants.swift */; };
		F42DCE771FA41746002147BB /* AppDelegate.swift in Sources */ = {isa = PBXBuildFile; fileRef = F42DCE761FA41746002147BB /* AppDelegate.swift */; };
		F42DCE791FA41746002147BB /* HomeViewController.swift in Sources */ = {isa = PBXBuildFile; fileRef = F42DCE781FA41746002147BB /* HomeViewController.swift */; };
		F42DCE7C1FA41746002147BB /* Main.storyboard in Resources */ = {isa = PBXBuildFile; fileRef = F42DCE7A1FA41746002147BB /* Main.storyboard */; };
		F42DCE7F1FA41746002147BB /* ClipKey.xcdatamodeld in Sources */ = {isa = PBXBuildFile; fileRef = F42DCE7D1FA41746002147BB /* ClipKey.xcdatamodeld */; };
		F42DCE811FA41746002147BB /* Assets.xcassets in Resources */ = {isa = PBXBuildFile; fileRef = F42DCE801FA41746002147BB /* Assets.xcassets */; };
		F42DCE841FA41746002147BB /* LaunchScreen.storyboard in Resources */ = {isa = PBXBuildFile; fileRef = F42DCE821FA41746002147BB /* LaunchScreen.storyboard */; };
		F42DCE8F1FA41746002147BB /* ClipKeyTests.swift in Sources */ = {isa = PBXBuildFile; fileRef = F42DCE8E1FA41746002147BB /* ClipKeyTests.swift */; };
		F42DCE9A1FA41747002147BB /* ClipKeyUITests.swift in Sources */ = {isa = PBXBuildFile; fileRef = F42DCE991FA41747002147BB /* ClipKeyUITests.swift */; };
		F42DCEAE1FA417C8002147BB /* KeyboardViewController.swift in Sources */ = {isa = PBXBuildFile; fileRef = F42DCEAD1FA417C8002147BB /* KeyboardViewController.swift */; };
		F42DCEB21FA417C8002147BB /* Clipboard.appex in Embed App Extensions */ = {isa = PBXBuildFile; fileRef = F42DCEAB1FA417C8002147BB /* Clipboard.appex */; settings = {ATTRIBUTES = (RemoveHeadersOnCopy, ); }; };
		F42DCEB81FA417DD002147BB /* Clipboard.storyboard in Resources */ = {isa = PBXBuildFile; fileRef = F42DCEB71FA417DD002147BB /* Clipboard.storyboard */; };
		F42DCEBD1FA44D14002147BB /* KeyManager.swift in Sources */ = {isa = PBXBuildFile; fileRef = F42DCEBC1FA44D14002147BB /* KeyManager.swift */; };
		F42DCEBF1FA46802002147BB /* KeyViewController.swift in Sources */ = {isa = PBXBuildFile; fileRef = F42DCEBE1FA46802002147BB /* KeyViewController.swift */; };
		F43AD7141FAEF7E70090AE57 /* CustomButton.swift in Sources */ = {isa = PBXBuildFile; fileRef = F43AD7121FAEF7E60090AE57 /* CustomButton.swift */; };
		F43AD7151FAEF7E70090AE57 /* CustomTextField.swift in Sources */ = {isa = PBXBuildFile; fileRef = F43AD7131FAEF7E60090AE57 /* CustomTextField.swift */; };
		F4CBA7101FB25C0D004C6FAC /* ClipboardCollectionViewCell.swift in Sources */ = {isa = PBXBuildFile; fileRef = F4CBA70F1FB25C0D004C6FAC /* ClipboardCollectionViewCell.swift */; };
/* End PBXBuildFile section */

/* Begin PBXContainerItemProxy section */
		F42DCE8B1FA41746002147BB /* PBXContainerItemProxy */ = {
			isa = PBXContainerItemProxy;
			containerPortal = F42DCE6B1FA41746002147BB /* Project object */;
			proxyType = 1;
			remoteGlobalIDString = F42DCE721FA41746002147BB;
			remoteInfo = ClipKey;
		};
		F42DCE961FA41746002147BB /* PBXContainerItemProxy */ = {
			isa = PBXContainerItemProxy;
			containerPortal = F42DCE6B1FA41746002147BB /* Project object */;
			proxyType = 1;
			remoteGlobalIDString = F42DCE721FA41746002147BB;
			remoteInfo = ClipKey;
		};
		F42DCEB01FA417C8002147BB /* PBXContainerItemProxy */ = {
			isa = PBXContainerItemProxy;
			containerPortal = F42DCE6B1FA41746002147BB /* Project object */;
			proxyType = 1;
			remoteGlobalIDString = F42DCEAA1FA417C8002147BB;
			remoteInfo = Clipboard;
		};
/* End PBXContainerItemProxy section */

/* Begin PBXCopyFilesBuildPhase section */
		F41B25B61FA933A100B0D15D /* Embed Frameworks */ = {
			isa = PBXCopyFilesBuildPhase;
			buildActionMask = 2147483647;
			dstPath = "";
			dstSubfolderSpec = 10;
			files = (
			);
			name = "Embed Frameworks";
			runOnlyForDeploymentPostprocessing = 0;
		};
		F42DCEB61FA417C8002147BB /* Embed App Extensions */ = {
			isa = PBXCopyFilesBuildPhase;
			buildActionMask = 2147483647;
			dstPath = "";
			dstSubfolderSpec = 13;
			files = (
				F42DCEB21FA417C8002147BB /* Clipboard.appex in Embed App Extensions */,
			);
			name = "Embed App Extensions";
			runOnlyForDeploymentPostprocessing = 0;
		};
/* End PBXCopyFilesBuildPhase section */

/* Begin PBXFileReference section */
		F41B25A31FA680A700B0D15D /* CoreDataStack.swift */ = {isa = PBXFileReference; lastKnownFileType = sourcecode.swift; path = CoreDataStack.swift; sourceTree = "<group>"; };
		F41B25DE1FA93E7900B0D15D /* Constants.swift */ = {isa = PBXFileReference; lastKnownFileType = sourcecode.swift; path = Constants.swift; sourceTree = "<group>"; };
		F41B25E21FA95BFA00B0D15D /* Constants.swift */ = {isa = PBXFileReference; lastKnownFileType = sourcecode.swift; path = Constants.swift; sourceTree = "<group>"; };
		F42DCE731FA41746002147BB /* ClipKey.app */ = {isa = PBXFileReference; explicitFileType = wrapper.application; includeInIndex = 0; path = ClipKey.app; sourceTree = BUILT_PRODUCTS_DIR; };
		F42DCE761FA41746002147BB /* AppDelegate.swift */ = {isa = PBXFileReference; lastKnownFileType = sourcecode.swift; path = AppDelegate.swift; sourceTree = "<group>"; };
		F42DCE781FA41746002147BB /* HomeViewController.swift */ = {isa = PBXFileReference; lastKnownFileType = sourcecode.swift; path = HomeViewController.swift; sourceTree = "<group>"; };
		F42DCE7B1FA41746002147BB /* Base */ = {isa = PBXFileReference; lastKnownFileType = file.storyboard; name = Base; path = Base.lproj/Main.storyboard; sourceTree = "<group>"; };
		F42DCE7E1FA41746002147BB /* ClipKey.xcdatamodel */ = {isa = PBXFileReference; lastKnownFileType = wrapper.xcdatamodel; path = ClipKey.xcdatamodel; sourceTree = "<group>"; };
		F42DCE801FA41746002147BB /* Assets.xcassets */ = {isa = PBXFileReference; lastKnownFileType = folder.assetcatalog; path = Assets.xcassets; sourceTree = "<group>"; };
		F42DCE831FA41746002147BB /* Base */ = {isa = PBXFileReference; lastKnownFileType = file.storyboard; name = Base; path = Base.lproj/LaunchScreen.storyboard; sourceTree = "<group>"; };
		F42DCE851FA41746002147BB /* Info.plist */ = {isa = PBXFileReference; lastKnownFileType = text.plist.xml; path = Info.plist; sourceTree = "<group>"; };
		F42DCE8A1FA41746002147BB /* ClipKeyTests.xctest */ = {isa = PBXFileReference; explicitFileType = wrapper.cfbundle; includeInIndex = 0; path = ClipKeyTests.xctest; sourceTree = BUILT_PRODUCTS_DIR; };
		F42DCE8E1FA41746002147BB /* ClipKeyTests.swift */ = {isa = PBXFileReference; lastKnownFileType = sourcecode.swift; path = ClipKeyTests.swift; sourceTree = "<group>"; };
		F42DCE901FA41746002147BB /* Info.plist */ = {isa = PBXFileReference; lastKnownFileType = text.plist.xml; path = Info.plist; sourceTree = "<group>"; };
		F42DCE951FA41746002147BB /* ClipKeyUITests.xctest */ = {isa = PBXFileReference; explicitFileType = wrapper.cfbundle; includeInIndex = 0; path = ClipKeyUITests.xctest; sourceTree = BUILT_PRODUCTS_DIR; };
		F42DCE991FA41747002147BB /* ClipKeyUITests.swift */ = {isa = PBXFileReference; lastKnownFileType = sourcecode.swift; path = ClipKeyUITests.swift; sourceTree = "<group>"; };
		F42DCE9B1FA41747002147BB /* Info.plist */ = {isa = PBXFileReference; lastKnownFileType = text.plist.xml; path = Info.plist; sourceTree = "<group>"; };
		F42DCEAB1FA417C8002147BB /* Clipboard.appex */ = {isa = PBXFileReference; explicitFileType = "wrapper.app-extension"; includeInIndex = 0; path = Clipboard.appex; sourceTree = BUILT_PRODUCTS_DIR; };
		F42DCEAD1FA417C8002147BB /* KeyboardViewController.swift */ = {isa = PBXFileReference; lastKnownFileType = sourcecode.swift; path = KeyboardViewController.swift; sourceTree = "<group>"; };
		F42DCEAF1FA417C8002147BB /* Info.plist */ = {isa = PBXFileReference; lastKnownFileType = text.plist.xml; path = Info.plist; sourceTree = "<group>"; };
		F42DCEB71FA417DD002147BB /* Clipboard.storyboard */ = {isa = PBXFileReference; lastKnownFileType = file.storyboard; path = Clipboard.storyboard; sourceTree = "<group>"; };
		F42DCEB91FA419BC002147BB /* Clipboard.entitlements */ = {isa = PBXFileReference; lastKnownFileType = text.plist.entitlements; path = Clipboard.entitlements; sourceTree = "<group>"; };
		F42DCEBC1FA44D14002147BB /* KeyManager.swift */ = {isa = PBXFileReference; lastKnownFileType = sourcecode.swift; path = KeyManager.swift; sourceTree = "<group>"; };
		F42DCEBE1FA46802002147BB /* KeyViewController.swift */ = {isa = PBXFileReference; lastKnownFileType = sourcecode.swift; path = KeyViewController.swift; sourceTree = "<group>"; };
		F42DCEC21FA57805002147BB /* ClipKey.entitlements */ = {isa = PBXFileReference; lastKnownFileType = text.plist.entitlements; path = ClipKey.entitlements; sourceTree = "<group>"; };
		F43AD7121FAEF7E60090AE57 /* CustomButton.swift */ = {isa = PBXFileReference; fileEncoding = 4; lastKnownFileType = sourcecode.swift; path = CustomButton.swift; sourceTree = "<group>"; };
		F43AD7131FAEF7E60090AE57 /* CustomTextField.swift */ = {isa = PBXFileReference; fileEncoding = 4; lastKnownFileType = sourcecode.swift; path = CustomTextField.swift; sourceTree = "<group>"; };
		F4CBA70F1FB25C0D004C6FAC /* ClipboardCollectionViewCell.swift */ = {isa = PBXFileReference; lastKnownFileType = sourcecode.swift; path = ClipboardCollectionViewCell.swift; sourceTree = "<group>"; };
		F4CBA7121FB2DB72004C6FAC /* BG.png */ = {isa = PBXFileReference; lastKnownFileType = image.png; name = BG.png; path = ../../../../../BG.png; sourceTree = "<group>"; };
		F4CBA7131FB2DB72004C6FAC /* BG@2x.png */ = {isa = PBXFileReference; lastKnownFileType = image.png; name = "BG@2x.png"; path = "../../../../../BG@2x.png"; sourceTree = "<group>"; };
		F4CBA7141FB2DB72004C6FAC /* BG@3x.png */ = {isa = PBXFileReference; lastKnownFileType = image.png; name = "BG@3x.png"; path = "../../../../../BG@3x.png"; sourceTree = "<group>"; };
		F4CBA7151FB2DB72004C6FAC /* Email Field Underline.png */ = {isa = PBXFileReference; lastKnownFileType = image.png; name = "Email Field Underline.png"; path = "../../../../../Email Field Underline.png"; sourceTree = "<group>"; };
		F4CBA7161FB2DB72004C6FAC /* Email Field Underline@2x.png */ = {isa = PBXFileReference; lastKnownFileType = image.png; name = "Email Field Underline@2x.png"; path = "../../../../../Email Field Underline@2x.png"; sourceTree = "<group>"; };
		F4CBA7171FB2DB72004C6FAC /* Email Field Underline@3x.png */ = {isa = PBXFileReference; lastKnownFileType = image.png; name = "Email Field Underline@3x.png"; path = "../../../../../Email Field Underline@3x.png"; sourceTree = "<group>"; };
/* End PBXFileReference section */

/* Begin PBXFrameworksBuildPhase section */
		F42DCE701FA41746002147BB /* Frameworks */ = {
			isa = PBXFrameworksBuildPhase;
			buildActionMask = 2147483647;
			files = (
			);
			runOnlyForDeploymentPostprocessing = 0;
		};
		F42DCE871FA41746002147BB /* Frameworks */ = {
			isa = PBXFrameworksBuildPhase;
			buildActionMask = 2147483647;
			files = (
			);
			runOnlyForDeploymentPostprocessing = 0;
		};
		F42DCE921FA41746002147BB /* Frameworks */ = {
			isa = PBXFrameworksBuildPhase;
			buildActionMask = 2147483647;
			files = (
			);
			runOnlyForDeploymentPostprocessing = 0;
		};
		F42DCEA81FA417C8002147BB /* Frameworks */ = {
			isa = PBXFrameworksBuildPhase;
			buildActionMask = 2147483647;
			files = (
			);
			runOnlyForDeploymentPostprocessing = 0;
		};
/* End PBXFrameworksBuildPhase section */

/* Begin PBXGroup section */
		F42DCE6A1FA41746002147BB = {
			isa = PBXGroup;
			children = (
				F43AD7121FAEF7E60090AE57 /* CustomButton.swift */,
				F43AD7131FAEF7E60090AE57 /* CustomTextField.swift */,
				F42DCE751FA41746002147BB /* ClipKey */,
				F42DCE8D1FA41746002147BB /* ClipKeyTests */,
				F42DCE981FA41747002147BB /* ClipKeyUITests */,
				F42DCEAC1FA417C8002147BB /* Clipboard */,
				F42DCE741FA41746002147BB /* Products */,
			);
			sourceTree = "<group>";
		};
		F42DCE741FA41746002147BB /* Products */ = {
			isa = PBXGroup;
			children = (
				F42DCE731FA41746002147BB /* ClipKey.app */,
				F42DCE8A1FA41746002147BB /* ClipKeyTests.xctest */,
				F42DCE951FA41746002147BB /* ClipKeyUITests.xctest */,
				F42DCEAB1FA417C8002147BB /* Clipboard.appex */,
			);
			name = Products;
			sourceTree = "<group>";
		};
		F42DCE751FA41746002147BB /* ClipKey */ = {
			isa = PBXGroup;
			children = (
				F42DCE761FA41746002147BB /* AppDelegate.swift */,
				F42DCE851FA41746002147BB /* Info.plist */,
				F42DCE7A1FA41746002147BB /* Main.storyboard */,
				F42DCE781FA41746002147BB /* HomeViewController.swift */,
				F42DCEBE1FA46802002147BB /* KeyViewController.swift */,
				F42DCEBC1FA44D14002147BB /* KeyManager.swift */,
				F41B25DE1FA93E7900B0D15D /* Constants.swift */,
				F42DCEC21FA57805002147BB /* ClipKey.entitlements */,
				F42DCE801FA41746002147BB /* Assets.xcassets */,
				F4CBA7111FB2DB5D004C6FAC /* Images */,
				F42DCE821FA41746002147BB /* LaunchScreen.storyboard */,
				F42DCE7D1FA41746002147BB /* ClipKey.xcdatamodeld */,
				F41B25A31FA680A700B0D15D /* CoreDataStack.swift */,
			);
			path = ClipKey;
			sourceTree = "<group>";
		};
		F42DCE8D1FA41746002147BB /* ClipKeyTests */ = {
			isa = PBXGroup;
			children = (
				F42DCE8E1FA41746002147BB /* ClipKeyTests.swift */,
				F42DCE901FA41746002147BB /* Info.plist */,
			);
			path = ClipKeyTests;
			sourceTree = "<group>";
		};
		F42DCE981FA41747002147BB /* ClipKeyUITests */ = {
			isa = PBXGroup;
			children = (
				F42DCE991FA41747002147BB /* ClipKeyUITests.swift */,
				F42DCE9B1FA41747002147BB /* Info.plist */,
			);
			path = ClipKeyUITests;
			sourceTree = "<group>";
		};
		F42DCEAC1FA417C8002147BB /* Clipboard */ = {
			isa = PBXGroup;
			children = (
				F42DCEB91FA419BC002147BB /* Clipboard.entitlements */,
				F42DCEAD1FA417C8002147BB /* KeyboardViewController.swift */,
				F42DCEAF1FA417C8002147BB /* Info.plist */,
				F42DCEB71FA417DD002147BB /* Clipboard.storyboard */,
				F41B25E21FA95BFA00B0D15D /* Constants.swift */,
				F4CBA70F1FB25C0D004C6FAC /* ClipboardCollectionViewCell.swift */,
			);
			path = Clipboard;
			sourceTree = "<group>";
		};
		F4CBA7111FB2DB5D004C6FAC /* Images */ = {
			isa = PBXGroup;
			children = (
				F4CBA7151FB2DB72004C6FAC /* Email Field Underline.png */,
				F4CBA7161FB2DB72004C6FAC /* Email Field Underline@2x.png */,
				F4CBA7171FB2DB72004C6FAC /* Email Field Underline@3x.png */,
				F4CBA7121FB2DB72004C6FAC /* BG.png */,
				F4CBA7131FB2DB72004C6FAC /* BG@2x.png */,
				F4CBA7141FB2DB72004C6FAC /* BG@3x.png */,
			);
			path = Images;
			sourceTree = "<group>";
		};
/* End PBXGroup section */

/* Begin PBXNativeTarget section */
		F42DCE721FA41746002147BB /* ClipKey */ = {
			isa = PBXNativeTarget;
			buildConfigurationList = F42DCE9E1FA41747002147BB /* Build configuration list for PBXNativeTarget "ClipKey" */;
			buildPhases = (
				F42DCE6F1FA41746002147BB /* Sources */,
				F42DCE701FA41746002147BB /* Frameworks */,
				F42DCE711FA41746002147BB /* Resources */,
				F42DCEB61FA417C8002147BB /* Embed App Extensions */,
				F41B25B61FA933A100B0D15D /* Embed Frameworks */,
			);
			buildRules = (
			);
			dependencies = (
				F42DCEB11FA417C8002147BB /* PBXTargetDependency */,
			);
			name = ClipKey;
			productName = ClipKey;
			productReference = F42DCE731FA41746002147BB /* ClipKey.app */;
			productType = "com.apple.product-type.application";
		};
		F42DCE891FA41746002147BB /* ClipKeyTests */ = {
			isa = PBXNativeTarget;
			buildConfigurationList = F42DCEA11FA41747002147BB /* Build configuration list for PBXNativeTarget "ClipKeyTests" */;
			buildPhases = (
				F42DCE861FA41746002147BB /* Sources */,
				F42DCE871FA41746002147BB /* Frameworks */,
				F42DCE881FA41746002147BB /* Resources */,
			);
			buildRules = (
			);
			dependencies = (
				F42DCE8C1FA41746002147BB /* PBXTargetDependency */,
			);
			name = ClipKeyTests;
			productName = ClipKeyTests;
			productReference = F42DCE8A1FA41746002147BB /* ClipKeyTests.xctest */;
			productType = "com.apple.product-type.bundle.unit-test";
		};
		F42DCE941FA41746002147BB /* ClipKeyUITests */ = {
			isa = PBXNativeTarget;
			buildConfigurationList = F42DCEA41FA41747002147BB /* Build configuration list for PBXNativeTarget "ClipKeyUITests" */;
			buildPhases = (
				F42DCE911FA41746002147BB /* Sources */,
				F42DCE921FA41746002147BB /* Frameworks */,
				F42DCE931FA41746002147BB /* Resources */,
			);
			buildRules = (
			);
			dependencies = (
				F42DCE971FA41746002147BB /* PBXTargetDependency */,
			);
			name = ClipKeyUITests;
			productName = ClipKeyUITests;
			productReference = F42DCE951FA41746002147BB /* ClipKeyUITests.xctest */;
			productType = "com.apple.product-type.bundle.ui-testing";
		};
		F42DCEAA1FA417C8002147BB /* Clipboard */ = {
			isa = PBXNativeTarget;
			buildConfigurationList = F42DCEB31FA417C8002147BB /* Build configuration list for PBXNativeTarget "Clipboard" */;
			buildPhases = (
				F42DCEA71FA417C8002147BB /* Sources */,
				F42DCEA81FA417C8002147BB /* Frameworks */,
				F42DCEA91FA417C8002147BB /* Resources */,
			);
			buildRules = (
			);
			dependencies = (
			);
			name = Clipboard;
			productName = Clipboard;
			productReference = F42DCEAB1FA417C8002147BB /* Clipboard.appex */;
			productType = "com.apple.product-type.app-extension";
		};
/* End PBXNativeTarget section */

/* Begin PBXProject section */
		F42DCE6B1FA41746002147BB /* Project object */ = {
			isa = PBXProject;
			attributes = {
				LastSwiftUpdateCheck = 0900;
				LastUpgradeCheck = 0900;
				ORGANIZATIONNAME = "Kadeem Palacios";
				TargetAttributes = {
					F42DCE721FA41746002147BB = {
						CreatedOnToolsVersion = 9.0;
						ProvisioningStyle = Automatic;
						SystemCapabilities = {
							com.apple.ApplicationGroups.iOS = {
								enabled = 1;
							};
						};
					};
					F42DCE891FA41746002147BB = {
						CreatedOnToolsVersion = 9.0;
						ProvisioningStyle = Automatic;
						TestTargetID = F42DCE721FA41746002147BB;
					};
					F42DCE941FA41746002147BB = {
						CreatedOnToolsVersion = 9.0;
						ProvisioningStyle = Automatic;
						TestTargetID = F42DCE721FA41746002147BB;
					};
					F42DCEAA1FA417C8002147BB = {
						CreatedOnToolsVersion = 9.0;
						ProvisioningStyle = Automatic;
						SystemCapabilities = {
							com.apple.ApplicationGroups.iOS = {
								enabled = 1;
							};
						};
					};
				};
			};
			buildConfigurationList = F42DCE6E1FA41746002147BB /* Build configuration list for PBXProject "ClipKey" */;
			compatibilityVersion = "Xcode 8.0";
			developmentRegion = en;
			hasScannedForEncodings = 0;
			knownRegions = (
				en,
				Base,
			);
			mainGroup = F42DCE6A1FA41746002147BB;
			productRefGroup = F42DCE741FA41746002147BB /* Products */;
			projectDirPath = "";
			projectRoot = "";
			targets = (
				F42DCE721FA41746002147BB /* ClipKey */,
				F42DCE891FA41746002147BB /* ClipKeyTests */,
				F42DCE941FA41746002147BB /* ClipKeyUITests */,
				F42DCEAA1FA417C8002147BB /* Clipboard */,
			);
		};
/* End PBXProject section */

/* Begin PBXResourcesBuildPhase section */
		F42DCE711FA41746002147BB /* Resources */ = {
			isa = PBXResourcesBuildPhase;
			buildActionMask = 2147483647;
			files = (
				F42DCE841FA41746002147BB /* LaunchScreen.storyboard in Resources */,
				F42DCE811FA41746002147BB /* Assets.xcassets in Resources */,
				F42DCE7C1FA41746002147BB /* Main.storyboard in Resources */,
			);
			runOnlyForDeploymentPostprocessing = 0;
		};
		F42DCE881FA41746002147BB /* Resources */ = {
			isa = PBXResourcesBuildPhase;
			buildActionMask = 2147483647;
			files = (
			);
			runOnlyForDeploymentPostprocessing = 0;
		};
		F42DCE931FA41746002147BB /* Resources */ = {
			isa = PBXResourcesBuildPhase;
			buildActionMask = 2147483647;
			files = (
			);
			runOnlyForDeploymentPostprocessing = 0;
		};
		F42DCEA91FA417C8002147BB /* Resources */ = {
			isa = PBXResourcesBuildPhase;
			buildActionMask = 2147483647;
			files = (
				F42DCEB81FA417DD002147BB /* Clipboard.storyboard in Resources */,
			);
			runOnlyForDeploymentPostprocessing = 0;
		};
/* End PBXResourcesBuildPhase section */

/* Begin PBXSourcesBuildPhase section */
		F42DCE6F1FA41746002147BB /* Sources */ = {
			isa = PBXSourcesBuildPhase;
			buildActionMask = 2147483647;
			files = (
				F42DCEBF1FA46802002147BB /* KeyViewController.swift in Sources */,
				F42DCE7F1FA41746002147BB /* ClipKey.xcdatamodeld in Sources */,
				F42DCE791FA41746002147BB /* HomeViewController.swift in Sources */,
				F41B25A41FA680A700B0D15D /* CoreDataStack.swift in Sources */,
				F43AD7141FAEF7E70090AE57 /* CustomButton.swift in Sources */,
				F41B25E11FA93E8700B0D15D /* Constants.swift in Sources */,
				F42DCE771FA41746002147BB /* AppDelegate.swift in Sources */,
				F42DCEBD1FA44D14002147BB /* KeyManager.swift in Sources */,
				F43AD7151FAEF7E70090AE57 /* CustomTextField.swift in Sources */,
			);
			runOnlyForDeploymentPostprocessing = 0;
		};
		F42DCE861FA41746002147BB /* Sources */ = {
			isa = PBXSourcesBuildPhase;
			buildActionMask = 2147483647;
			files = (
				F42DCE8F1FA41746002147BB /* ClipKeyTests.swift in Sources */,
			);
			runOnlyForDeploymentPostprocessing = 0;
		};
		F42DCE911FA41746002147BB /* Sources */ = {
			isa = PBXSourcesBuildPhase;
			buildActionMask = 2147483647;
			files = (
				F42DCE9A1FA41747002147BB /* ClipKeyUITests.swift in Sources */,
			);
			runOnlyForDeploymentPostprocessing = 0;
		};
		F42DCEA71FA417C8002147BB /* Sources */ = {
			isa = PBXSourcesBuildPhase;
			buildActionMask = 2147483647;
			files = (
				F4CBA7101FB25C0D004C6FAC /* ClipboardCollectionViewCell.swift in Sources */,
				F42DCEAE1FA417C8002147BB /* KeyboardViewController.swift in Sources */,
				F41B25E31FA95BFA00B0D15D /* Constants.swift in Sources */,
			);
			runOnlyForDeploymentPostprocessing = 0;
		};
/* End PBXSourcesBuildPhase section */

/* Begin PBXTargetDependency section */
		F42DCE8C1FA41746002147BB /* PBXTargetDependency */ = {
			isa = PBXTargetDependency;
			target = F42DCE721FA41746002147BB /* ClipKey */;
			targetProxy = F42DCE8B1FA41746002147BB /* PBXContainerItemProxy */;
		};
		F42DCE971FA41746002147BB /* PBXTargetDependency */ = {
			isa = PBXTargetDependency;
			target = F42DCE721FA41746002147BB /* ClipKey */;
			targetProxy = F42DCE961FA41746002147BB /* PBXContainerItemProxy */;
		};
		F42DCEB11FA417C8002147BB /* PBXTargetDependency */ = {
			isa = PBXTargetDependency;
			target = F42DCEAA1FA417C8002147BB /* Clipboard */;
			targetProxy = F42DCEB01FA417C8002147BB /* PBXContainerItemProxy */;
		};
/* End PBXTargetDependency section */

/* Begin PBXVariantGroup section */
		F42DCE7A1FA41746002147BB /* Main.storyboard */ = {
			isa = PBXVariantGroup;
			children = (
				F42DCE7B1FA41746002147BB /* Base */,
			);
			name = Main.storyboard;
			sourceTree = "<group>";
		};
		F42DCE821FA41746002147BB /* LaunchScreen.storyboard */ = {
			isa = PBXVariantGroup;
			children = (
				F42DCE831FA41746002147BB /* Base */,
			);
			name = LaunchScreen.storyboard;
			sourceTree = "<group>";
		};
/* End PBXVariantGroup section */

/* Begin XCBuildConfiguration section */
		F42DCE9C1FA41747002147BB /* Debug */ = {
			isa = XCBuildConfiguration;
			buildSettings = {
				ALWAYS_SEARCH_USER_PATHS = NO;
				CLANG_ANALYZER_NONNULL = YES;
				CLANG_ANALYZER_NUMBER_OBJECT_CONVERSION = YES_AGGRESSIVE;
				CLANG_CXX_LANGUAGE_STANDARD = "gnu++14";
				CLANG_CXX_LIBRARY = "libc++";
				CLANG_ENABLE_MODULES = YES;
				CLANG_ENABLE_OBJC_ARC = YES;
				CLANG_WARN_BLOCK_CAPTURE_AUTORELEASING = YES;
				CLANG_WARN_BOOL_CONVERSION = YES;
				CLANG_WARN_COMMA = YES;
				CLANG_WARN_CONSTANT_CONVERSION = YES;
				CLANG_WARN_DIRECT_OBJC_ISA_USAGE = YES_ERROR;
				CLANG_WARN_DOCUMENTATION_COMMENTS = YES;
				CLANG_WARN_EMPTY_BODY = YES;
				CLANG_WARN_ENUM_CONVERSION = YES;
				CLANG_WARN_INFINITE_RECURSION = YES;
				CLANG_WARN_INT_CONVERSION = YES;
				CLANG_WARN_NON_LITERAL_NULL_CONVERSION = YES;
				CLANG_WARN_OBJC_LITERAL_CONVERSION = YES;
				CLANG_WARN_OBJC_ROOT_CLASS = YES_ERROR;
				CLANG_WARN_RANGE_LOOP_ANALYSIS = YES;
				CLANG_WARN_STRICT_PROTOTYPES = YES;
				CLANG_WARN_SUSPICIOUS_MOVE = YES;
				CLANG_WARN_UNGUARDED_AVAILABILITY = YES_AGGRESSIVE;
				CLANG_WARN_UNREACHABLE_CODE = YES;
				CLANG_WARN__DUPLICATE_METHOD_MATCH = YES;
				CODE_SIGN_IDENTITY = "iPhone Developer";
				COPY_PHASE_STRIP = NO;
				DEBUG_INFORMATION_FORMAT = dwarf;
				ENABLE_STRICT_OBJC_MSGSEND = YES;
				ENABLE_TESTABILITY = YES;
				GCC_C_LANGUAGE_STANDARD = gnu11;
				GCC_DYNAMIC_NO_PIC = NO;
				GCC_NO_COMMON_BLOCKS = YES;
				GCC_OPTIMIZATION_LEVEL = 0;
				GCC_PREPROCESSOR_DEFINITIONS = (
					"DEBUG=1",
					"$(inherited)",
				);
				GCC_WARN_64_TO_32_BIT_CONVERSION = YES;
				GCC_WARN_ABOUT_RETURN_TYPE = YES_ERROR;
				GCC_WARN_UNDECLARED_SELECTOR = YES;
				GCC_WARN_UNINITIALIZED_AUTOS = YES_AGGRESSIVE;
				GCC_WARN_UNUSED_FUNCTION = YES;
				GCC_WARN_UNUSED_VARIABLE = YES;
				IPHONEOS_DEPLOYMENT_TARGET = 11.0;
				MTL_ENABLE_DEBUG_INFO = YES;
				ONLY_ACTIVE_ARCH = YES;
				SDKROOT = iphoneos;
				SWIFT_ACTIVE_COMPILATION_CONDITIONS = DEBUG;
				SWIFT_OPTIMIZATION_LEVEL = "-Onone";
			};
			name = Debug;
		};
		F42DCE9D1FA41747002147BB /* Release */ = {
			isa = XCBuildConfiguration;
			buildSettings = {
				ALWAYS_SEARCH_USER_PATHS = NO;
				CLANG_ANALYZER_NONNULL = YES;
				CLANG_ANALYZER_NUMBER_OBJECT_CONVERSION = YES_AGGRESSIVE;
				CLANG_CXX_LANGUAGE_STANDARD = "gnu++14";
				CLANG_CXX_LIBRARY = "libc++";
				CLANG_ENABLE_MODULES = YES;
				CLANG_ENABLE_OBJC_ARC = YES;
				CLANG_WARN_BLOCK_CAPTURE_AUTORELEASING = YES;
				CLANG_WARN_BOOL_CONVERSION = YES;
				CLANG_WARN_COMMA = YES;
				CLANG_WARN_CONSTANT_CONVERSION = YES;
				CLANG_WARN_DIRECT_OBJC_ISA_USAGE = YES_ERROR;
				CLANG_WARN_DOCUMENTATION_COMMENTS = YES;
				CLANG_WARN_EMPTY_BODY = YES;
				CLANG_WARN_ENUM_CONVERSION = YES;
				CLANG_WARN_INFINITE_RECURSION = YES;
				CLANG_WARN_INT_CONVERSION = YES;
				CLANG_WARN_NON_LITERAL_NULL_CONVERSION = YES;
				CLANG_WARN_OBJC_LITERAL_CONVERSION = YES;
				CLANG_WARN_OBJC_ROOT_CLASS = YES_ERROR;
				CLANG_WARN_RANGE_LOOP_ANALYSIS = YES;
				CLANG_WARN_STRICT_PROTOTYPES = YES;
				CLANG_WARN_SUSPICIOUS_MOVE = YES;
				CLANG_WARN_UNGUARDED_AVAILABILITY = YES_AGGRESSIVE;
				CLANG_WARN_UNREACHABLE_CODE = YES;
				CLANG_WARN__DUPLICATE_METHOD_MATCH = YES;
				CODE_SIGN_IDENTITY = "iPhone Developer";
				COPY_PHASE_STRIP = NO;
				DEBUG_INFORMATION_FORMAT = "dwarf-with-dsym";
				ENABLE_NS_ASSERTIONS = NO;
				ENABLE_STRICT_OBJC_MSGSEND = YES;
				GCC_C_LANGUAGE_STANDARD = gnu11;
				GCC_NO_COMMON_BLOCKS = YES;
				GCC_WARN_64_TO_32_BIT_CONVERSION = YES;
				GCC_WARN_ABOUT_RETURN_TYPE = YES_ERROR;
				GCC_WARN_UNDECLARED_SELECTOR = YES;
				GCC_WARN_UNINITIALIZED_AUTOS = YES_AGGRESSIVE;
				GCC_WARN_UNUSED_FUNCTION = YES;
				GCC_WARN_UNUSED_VARIABLE = YES;
				IPHONEOS_DEPLOYMENT_TARGET = 11.0;
				MTL_ENABLE_DEBUG_INFO = NO;
				SDKROOT = iphoneos;
				SWIFT_OPTIMIZATION_LEVEL = "-Owholemodule";
				VALIDATE_PRODUCT = YES;
			};
			name = Release;
		};
		F42DCE9F1FA41747002147BB /* Debug */ = {
			isa = XCBuildConfiguration;
			buildSettings = {
				ALWAYS_EMBED_SWIFT_STANDARD_LIBRARIES = YES;
				ASSETCATALOG_COMPILER_APPICON_NAME = AppIcon;
				CODE_SIGN_ENTITLEMENTS = ClipKey/ClipKey.entitlements;
				CODE_SIGN_STYLE = Automatic;
				DEVELOPMENT_TEAM = 7G8EV52YPP;
				FRAMEWORK_SEARCH_PATHS = (
					"$(inherited)",
					"$(PROJECT_DIR)",
				);
				INFOPLIST_FILE = ClipKey/Info.plist;
				LD_RUNPATH_SEARCH_PATHS = "$(inherited) @executable_path/Frameworks";
				PRODUCT_BUNDLE_IDENTIFIER = Palacios.ClipKey;
				PRODUCT_NAME = "$(TARGET_NAME)";
				SWIFT_VERSION = 4.0;
				TARGETED_DEVICE_FAMILY = "1,2";
			};
			name = Debug;
		};
		F42DCEA01FA41747002147BB /* Release */ = {
			isa = XCBuildConfiguration;
			buildSettings = {
				ALWAYS_EMBED_SWIFT_STANDARD_LIBRARIES = YES;
				ASSETCATALOG_COMPILER_APPICON_NAME = AppIcon;
				CODE_SIGN_ENTITLEMENTS = ClipKey/ClipKey.entitlements;
				CODE_SIGN_STYLE = Automatic;
				DEVELOPMENT_TEAM = 7G8EV52YPP;
				FRAMEWORK_SEARCH_PATHS = (
					"$(inherited)",
					"$(PROJECT_DIR)",
				);
				INFOPLIST_FILE = ClipKey/Info.plist;
				LD_RUNPATH_SEARCH_PATHS = "$(inherited) @executable_path/Frameworks";
				PRODUCT_BUNDLE_IDENTIFIER = Palacios.ClipKey;
				PRODUCT_NAME = "$(TARGET_NAME)";
				SWIFT_VERSION = 4.0;
				TARGETED_DEVICE_FAMILY = "1,2";
			};
			name = Release;
		};
		F42DCEA21FA41747002147BB /* Debug */ = {
			isa = XCBuildConfiguration;
			buildSettings = {
				ALWAYS_EMBED_SWIFT_STANDARD_LIBRARIES = YES;
				BUNDLE_LOADER = "$(TEST_HOST)";
				CODE_SIGN_STYLE = Automatic;
				DEVELOPMENT_TEAM = 7G8EV52YPP;
				INFOPLIST_FILE = ClipKeyTests/Info.plist;
				LD_RUNPATH_SEARCH_PATHS = "$(inherited) @executable_path/Frameworks @loader_path/Frameworks";
				PRODUCT_BUNDLE_IDENTIFIER = Palacios.ClipKeyTests;
				PRODUCT_NAME = "$(TARGET_NAME)";
				SWIFT_VERSION = 4.0;
				TARGETED_DEVICE_FAMILY = "1,2";
				TEST_HOST = "$(BUILT_PRODUCTS_DIR)/ClipKey.app/ClipKey";
			};
			name = Debug;
		};
		F42DCEA31FA41747002147BB /* Release */ = {
			isa = XCBuildConfiguration;
			buildSettings = {
				ALWAYS_EMBED_SWIFT_STANDARD_LIBRARIES = YES;
				BUNDLE_LOADER = "$(TEST_HOST)";
				CODE_SIGN_STYLE = Automatic;
				DEVELOPMENT_TEAM = 7G8EV52YPP;
				INFOPLIST_FILE = ClipKeyTests/Info.plist;
				LD_RUNPATH_SEARCH_PATHS = "$(inherited) @executable_path/Frameworks @loader_path/Frameworks";
				PRODUCT_BUNDLE_IDENTIFIER = Palacios.ClipKeyTests;
				PRODUCT_NAME = "$(TARGET_NAME)";
				SWIFT_VERSION = 4.0;
				TARGETED_DEVICE_FAMILY = "1,2";
				TEST_HOST = "$(BUILT_PRODUCTS_DIR)/ClipKey.app/ClipKey";
			};
			name = Release;
		};
		F42DCEA51FA41747002147BB /* Debug */ = {
			isa = XCBuildConfiguration;
			buildSettings = {
				ALWAYS_EMBED_SWIFT_STANDARD_LIBRARIES = YES;
				CODE_SIGN_STYLE = Automatic;
				DEVELOPMENT_TEAM = 7G8EV52YPP;
				INFOPLIST_FILE = ClipKeyUITests/Info.plist;
				LD_RUNPATH_SEARCH_PATHS = "$(inherited) @executable_path/Frameworks @loader_path/Frameworks";
				PRODUCT_BUNDLE_IDENTIFIER = Palacios.ClipKeyUITests;
				PRODUCT_NAME = "$(TARGET_NAME)";
				SWIFT_VERSION = 4.0;
				TARGETED_DEVICE_FAMILY = "1,2";
				TEST_TARGET_NAME = ClipKey;
			};
			name = Debug;
		};
		F42DCEA61FA41747002147BB /* Release */ = {
			isa = XCBuildConfiguration;
			buildSettings = {
				ALWAYS_EMBED_SWIFT_STANDARD_LIBRARIES = YES;
				CODE_SIGN_STYLE = Automatic;
				DEVELOPMENT_TEAM = 7G8EV52YPP;
				INFOPLIST_FILE = ClipKeyUITests/Info.plist;
				LD_RUNPATH_SEARCH_PATHS = "$(inherited) @executable_path/Frameworks @loader_path/Frameworks";
				PRODUCT_BUNDLE_IDENTIFIER = Palacios.ClipKeyUITests;
				PRODUCT_NAME = "$(TARGET_NAME)";
				SWIFT_VERSION = 4.0;
				TARGETED_DEVICE_FAMILY = "1,2";
				TEST_TARGET_NAME = ClipKey;
			};
			name = Release;
		};
		F42DCEB41FA417C8002147BB /* Debug */ = {
			isa = XCBuildConfiguration;
			buildSettings = {
				CODE_SIGN_ENTITLEMENTS = Clipboard/Clipboard.entitlements;
				CODE_SIGN_STYLE = Automatic;
				DEVELOPMENT_TEAM = 7G8EV52YPP;
				INFOPLIST_FILE = Clipboard/Info.plist;
				LD_RUNPATH_SEARCH_PATHS = "$(inherited) @executable_path/Frameworks @executable_path/../../Frameworks";
				PRODUCT_BUNDLE_IDENTIFIER = Palacios.ClipKey.Clipboard;
				PRODUCT_NAME = "$(TARGET_NAME)";
				SKIP_INSTALL = YES;
				SWIFT_VERSION = 4.0;
				TARGETED_DEVICE_FAMILY = "1,2";
			};
			name = Debug;
		};
		F42DCEB51FA417C8002147BB /* Release */ = {
			isa = XCBuildConfiguration;
			buildSettings = {
				CODE_SIGN_ENTITLEMENTS = Clipboard/Clipboard.entitlements;
				CODE_SIGN_STYLE = Automatic;
				DEVELOPMENT_TEAM = 7G8EV52YPP;
				INFOPLIST_FILE = Clipboard/Info.plist;
				LD_RUNPATH_SEARCH_PATHS = "$(inherited) @executable_path/Frameworks @executable_path/../../Frameworks";
				PRODUCT_BUNDLE_IDENTIFIER = Palacios.ClipKey.Clipboard;
				PRODUCT_NAME = "$(TARGET_NAME)";
				SKIP_INSTALL = YES;
				SWIFT_VERSION = 4.0;
				TARGETED_DEVICE_FAMILY = "1,2";
			};
			name = Release;
		};
/* End XCBuildConfiguration section */

/* Begin XCConfigurationList section */
		F42DCE6E1FA41746002147BB /* Build configuration list for PBXProject "ClipKey" */ = {
			isa = XCConfigurationList;
			buildConfigurations = (
				F42DCE9C1FA41747002147BB /* Debug */,
				F42DCE9D1FA41747002147BB /* Release */,
			);
			defaultConfigurationIsVisible = 0;
			defaultConfigurationName = Release;
		};
		F42DCE9E1FA41747002147BB /* Build configuration list for PBXNativeTarget "ClipKey" */ = {
			isa = XCConfigurationList;
			buildConfigurations = (
				F42DCE9F1FA41747002147BB /* Debug */,
				F42DCEA01FA41747002147BB /* Release */,
			);
			defaultConfigurationIsVisible = 0;
			defaultConfigurationName = Release;
		};
		F42DCEA11FA41747002147BB /* Build configuration list for PBXNativeTarget "ClipKeyTests" */ = {
			isa = XCConfigurationList;
			buildConfigurations = (
				F42DCEA21FA41747002147BB /* Debug */,
				F42DCEA31FA41747002147BB /* Release */,
			);
			defaultConfigurationIsVisible = 0;
			defaultConfigurationName = Release;
		};
		F42DCEA41FA41747002147BB /* Build configuration list for PBXNativeTarget "ClipKeyUITests" */ = {
			isa = XCConfigurationList;
			buildConfigurations = (
				F42DCEA51FA41747002147BB /* Debug */,
				F42DCEA61FA41747002147BB /* Release */,
			);
			defaultConfigurationIsVisible = 0;
			defaultConfigurationName = Release;
		};
		F42DCEB31FA417C8002147BB /* Build configuration list for PBXNativeTarget "Clipboard" */ = {
			isa = XCConfigurationList;
			buildConfigurations = (
				F42DCEB41FA417C8002147BB /* Debug */,
				F42DCEB51FA417C8002147BB /* Release */,
			);
			defaultConfigurationIsVisible = 0;
			defaultConfigurationName = Release;
		};
/* End XCConfigurationList section */

/* Begin XCVersionGroup section */
		F42DCE7D1FA41746002147BB /* ClipKey.xcdatamodeld */ = {
			isa = XCVersionGroup;
			children = (
				F42DCE7E1FA41746002147BB /* ClipKey.xcdatamodel */,
			);
			currentVersion = F42DCE7E1FA41746002147BB /* ClipKey.xcdatamodel */;
			path = ClipKey.xcdatamodeld;
			sourceTree = "<group>";
			versionGroupType = wrapper.xcdatamodel;
		};
/* End XCVersionGroup section */
	};
	rootObject = F42DCE6B1FA41746002147BB /* Project object */;
}
