// !$*UTF8*$!
{
	archiveVersion = 1;
	classes = {
	};
	objectVersion = 48;
	objects = {

/* Begin PBXBuildFile section */
		62A99DDC135FB90B8019B515 /* Pods_ClipKeyTests.framework in Frameworks */ = {isa = PBXBuildFile; fileRef = 22254683B29C77FBDD5881B6 /* Pods_ClipKeyTests.framework */; };
		84F332D0BB2AD97F6818FB6B /* Pods_Clipboard.framework in Frameworks */ = {isa = PBXBuildFile; fileRef = 4CDA1007894F19AA6723D0A3 /* Pods_Clipboard.framework */; };
		AB15ADA552C8A9283AECFAE6 /* Pods_ClipKeyUITests.framework in Frameworks */ = {isa = PBXBuildFile; fileRef = F6DD37E24CCDD3A1D04B5FF3 /* Pods_ClipKeyUITests.framework */; };
		C63C83F0609FB1CED7289823 /* Pods_ClipKey.framework in Frameworks */ = {isa = PBXBuildFile; fileRef = 3E17FD32EFFAFC56FCD60D1D /* Pods_ClipKey.framework */; };
		F41B25A41FA680A700B0D15D /* CoreDataStack.swift in Sources */ = {isa = PBXBuildFile; fileRef = F41B25A31FA680A700B0D15D /* CoreDataStack.swift */; };
		F41B25E11FA93E8700B0D15D /* Constants.swift in Sources */ = {isa = PBXBuildFile; fileRef = F41B25DE1FA93E7900B0D15D /* Constants.swift */; };
		F41B25E31FA95BFA00B0D15D /* Constants.swift in Sources */ = {isa = PBXBuildFile; fileRef = F41B25E21FA95BFA00B0D15D /* Constants.swift */; };
		F42DCE771FA41746002147BB /* AppDelegate.swift in Sources */ = {isa = PBXBuildFile; fileRef = F42DCE761FA41746002147BB /* AppDelegate.swift */; };
		F42DCE791FA41746002147BB /* HomeViewController.swift in Sources */ = {isa = PBXBuildFile; fileRef = F42DCE781FA41746002147BB /* HomeViewController.swift */; };
		F42DCE7C1FA41746002147BB /* Main.storyboard in Resources */ = {isa = PBXBuildFile; fileRef = F42DCE7A1FA41746002147BB /* Main.storyboard */; };
		F42DCE7F1FA41746002147BB /* ClipKey.xcdatamodeld in Sources */ = {isa = PBXBuildFile; fileRef = F42DCE7D1FA41746002147BB /* ClipKey.xcdatamodeld */; };
		F42DCE811FA41746002147BB /* Assets.xcassets in Resources */ = {isa = PBXBuildFile; fileRef = F42DCE801FA41746002147BB /* Assets.xcassets */; };
		F42DCE841FA41746002147BB /* LaunchScreen.storyboard in Resources */ = {isa = PBXBuildFile; fileRef = F42DCE821FA41746002147BB /* LaunchScreen.storyboard */; };
		F42DCE8F1FA41746002147BB /* ClipKeyTests.swift in Sources */ = {isa = PBXBuildFile; fileRef = F42DCE8E1FA41746002147BB /* ClipKeyTests.swift */; };
		F42DCE9A1FA41747002147BB /* ClipKeyUITests.swift in Sources */ = {isa = PBXBuildFile; fileRef = F42DCE991FA41747002147BB /* ClipKeyUITests.swift */; };
		F42DCEAE1FA417C8002147BB /* KeyboardViewController.swift in Sources */ = {isa = PBXBuildFile; fileRef = F42DCEAD1FA417C8002147BB /* KeyboardViewController.swift */; };
		F42DCEB21FA417C8002147BB /* Clipboard.appex in Embed App Extensions */ = {isa = PBXBuildFile; fileRef = F42DCEAB1FA417C8002147BB /* Clipboard.appex */; settings = {ATTRIBUTES = (RemoveHeadersOnCopy, ); }; };
		F42DCEB81FA417DD002147BB /* Clipboard.storyboard in Resources */ = {isa = PBXBuildFile; fileRef = F42DCEB71FA417DD002147BB /* Clipboard.storyboard */; };
		F42DCEBD1FA44D14002147BB /* KeyManager.swift in Sources */ = {isa = PBXBuildFile; fileRef = F42DCEBC1FA44D14002147BB /* KeyManager.swift */; };
		F42DCEBF1FA46802002147BB /* KeyViewController.swift in Sources */ = {isa = PBXBuildFile; fileRef = F42DCEBE1FA46802002147BB /* KeyViewController.swift */; };
		F43AD7141FAEF7E70090AE57 /* CustomButton.swift in Sources */ = {isa = PBXBuildFile; fileRef = F43AD7121FAEF7E60090AE57 /* CustomButton.swift */; };
		F43AD7151FAEF7E70090AE57 /* CustomTextField.swift in Sources */ = {isa = PBXBuildFile; fileRef = F43AD7131FAEF7E60090AE57 /* CustomTextField.swift */; };
		F43AD71E1FAF06B50090AE57 /* Motion.framework in Frameworks */ = {isa = PBXBuildFile; fileRef = F43AD71D1FAF06B50090AE57 /* Motion.framework */; };
		F43AD71F1FAF06B50090AE57 /* Motion.framework in Embed Frameworks */ = {isa = PBXBuildFile; fileRef = F43AD71D1FAF06B50090AE57 /* Motion.framework */; settings = {ATTRIBUTES = (CodeSignOnCopy, RemoveHeadersOnCopy, ); }; };
		F43AD7201FAF06BE0090AE57 /* Material.framework in Frameworks */ = {isa = PBXBuildFile; fileRef = F43AD71C1FAF06A70090AE57 /* Material.framework */; };
		F43AD7211FAF06BE0090AE57 /* Material.framework in Embed Frameworks */ = {isa = PBXBuildFile; fileRef = F43AD71C1FAF06A70090AE57 /* Material.framework */; settings = {ATTRIBUTES = (CodeSignOnCopy, RemoveHeadersOnCopy, ); }; };
/* End PBXBuildFile section */

/* Begin PBXContainerItemProxy section */
		F42DCE8B1FA41746002147BB /* PBXContainerItemProxy */ = {
			isa = PBXContainerItemProxy;
			containerPortal = F42DCE6B1FA41746002147BB /* Project object */;
			proxyType = 1;
			remoteGlobalIDString = F42DCE721FA41746002147BB;
			remoteInfo = ClipKey;
		};
		F42DCE961FA41746002147BB /* PBXContainerItemProxy */ = {
			isa = PBXContainerItemProxy;
			containerPortal = F42DCE6B1FA41746002147BB /* Project object */;
			proxyType = 1;
			remoteGlobalIDString = F42DCE721FA41746002147BB;
			remoteInfo = ClipKey;
		};
		F42DCEB01FA417C8002147BB /* PBXContainerItemProxy */ = {
			isa = PBXContainerItemProxy;
			containerPortal = F42DCE6B1FA41746002147BB /* Project object */;
			proxyType = 1;
			remoteGlobalIDString = F42DCEAA1FA417C8002147BB;
			remoteInfo = Clipboard;
		};
		F43AD71B1FAF06A70090AE57 /* PBXContainerItemProxy */ = {
			isa = PBXContainerItemProxy;
			containerPortal = F43AD7161FAF06A70090AE57 /* Material.xcodeproj */;
			proxyType = 2;
			remoteGlobalIDString = 963832361B88DFD80015F710;
			remoteInfo = Material;
		};
		F43AD7221FAF06BE0090AE57 /* PBXContainerItemProxy */ = {
			isa = PBXContainerItemProxy;
			containerPortal = F43AD7161FAF06A70090AE57 /* Material.xcodeproj */;
			proxyType = 1;
			remoteGlobalIDString = 963832351B88DFD80015F710;
			remoteInfo = Material;
		};
/* End PBXContainerItemProxy section */

/* Begin PBXCopyFilesBuildPhase section */
		F41B25B61FA933A100B0D15D /* Embed Frameworks */ = {
			isa = PBXCopyFilesBuildPhase;
			buildActionMask = 2147483647;
			dstPath = "";
			dstSubfolderSpec = 10;
			files = (
				F43AD71F1FAF06B50090AE57 /* Motion.framework in Embed Frameworks */,
				F43AD7211FAF06BE0090AE57 /* Material.framework in Embed Frameworks */,
			);
			name = "Embed Frameworks";
			runOnlyForDeploymentPostprocessing = 0;
		};
		F42DCEB61FA417C8002147BB /* Embed App Extensions */ = {
			isa = PBXCopyFilesBuildPhase;
			buildActionMask = 2147483647;
			dstPath = "";
			dstSubfolderSpec = 13;
			files = (
				F42DCEB21FA417C8002147BB /* Clipboard.appex in Embed App Extensions */,
			);
			name = "Embed App Extensions";
			runOnlyForDeploymentPostprocessing = 0;
		};
/* End PBXCopyFilesBuildPhase section */

/* Begin PBXFileReference section */
		079D26ABBC25CD7B1192B584 /* Pods-ClipKeyUITests.debug.xcconfig */ = {isa = PBXFileReference; includeInIndex = 1; lastKnownFileType = text.xcconfig; name = "Pods-ClipKeyUITests.debug.xcconfig"; path = "Pods/Target Support Files/Pods-ClipKeyUITests/Pods-ClipKeyUITests.debug.xcconfig"; sourceTree = "<group>"; };
		0CE25FF738C1E22E6B877F29 /* Pods-ClipKeyTests.debug.xcconfig */ = {isa = PBXFileReference; includeInIndex = 1; lastKnownFileType = text.xcconfig; name = "Pods-ClipKeyTests.debug.xcconfig"; path = "Pods/Target Support Files/Pods-ClipKeyTests/Pods-ClipKeyTests.debug.xcconfig"; sourceTree = "<group>"; };
		22254683B29C77FBDD5881B6 /* Pods_ClipKeyTests.framework */ = {isa = PBXFileReference; explicitFileType = wrapper.framework; includeInIndex = 0; path = Pods_ClipKeyTests.framework; sourceTree = BUILT_PRODUCTS_DIR; };
		3E17FD32EFFAFC56FCD60D1D /* Pods_ClipKey.framework */ = {isa = PBXFileReference; explicitFileType = wrapper.framework; includeInIndex = 0; path = Pods_ClipKey.framework; sourceTree = BUILT_PRODUCTS_DIR; };
		3ED8E3A5C99A53C9D995460D /* Pods-ClipKeyTests.release.xcconfig */ = {isa = PBXFileReference; includeInIndex = 1; lastKnownFileType = text.xcconfig; name = "Pods-ClipKeyTests.release.xcconfig"; path = "Pods/Target Support Files/Pods-ClipKeyTests/Pods-ClipKeyTests.release.xcconfig"; sourceTree = "<group>"; };
		4CDA1007894F19AA6723D0A3 /* Pods_Clipboard.framework */ = {isa = PBXFileReference; explicitFileType = wrapper.framework; includeInIndex = 0; path = Pods_Clipboard.framework; sourceTree = BUILT_PRODUCTS_DIR; };
		796C8F92A798CCA9D369E994 /* Pods-Clipboard.debug.xcconfig */ = {isa = PBXFileReference; includeInIndex = 1; lastKnownFileType = text.xcconfig; name = "Pods-Clipboard.debug.xcconfig"; path = "Pods/Target Support Files/Pods-Clipboard/Pods-Clipboard.debug.xcconfig"; sourceTree = "<group>"; };
		7BB729375FC12A560B6C10C1 /* Pods-Clipboard.release.xcconfig */ = {isa = PBXFileReference; includeInIndex = 1; lastKnownFileType = text.xcconfig; name = "Pods-Clipboard.release.xcconfig"; path = "Pods/Target Support Files/Pods-Clipboard/Pods-Clipboard.release.xcconfig"; sourceTree = "<group>"; };
		B79BDE3376BC03C6CE06C481 /* Pods-ClipKey.release.xcconfig */ = {isa = PBXFileReference; includeInIndex = 1; lastKnownFileType = text.xcconfig; name = "Pods-ClipKey.release.xcconfig"; path = "Pods/Target Support Files/Pods-ClipKey/Pods-ClipKey.release.xcconfig"; sourceTree = "<group>"; };
		DBFAD3D1B08DCFD34DDDBDDC /* Pods-ClipKeyUITests.release.xcconfig */ = {isa = PBXFileReference; includeInIndex = 1; lastKnownFileType = text.xcconfig; name = "Pods-ClipKeyUITests.release.xcconfig"; path = "Pods/Target Support Files/Pods-ClipKeyUITests/Pods-ClipKeyUITests.release.xcconfig"; sourceTree = "<group>"; };
		ED04E8421F0B43C40A6DB732 /* Pods-ClipKey.debug.xcconfig */ = {isa = PBXFileReference; includeInIndex = 1; lastKnownFileType = text.xcconfig; name = "Pods-ClipKey.debug.xcconfig"; path = "Pods/Target Support Files/Pods-ClipKey/Pods-ClipKey.debug.xcconfig"; sourceTree = "<group>"; };
		F41B25A31FA680A700B0D15D /* CoreDataStack.swift */ = {isa = PBXFileReference; lastKnownFileType = sourcecode.swift; path = CoreDataStack.swift; sourceTree = "<group>"; };
		F41B25DE1FA93E7900B0D15D /* Constants.swift */ = {isa = PBXFileReference; lastKnownFileType = sourcecode.swift; path = Constants.swift; sourceTree = "<group>"; };
		F41B25E21FA95BFA00B0D15D /* Constants.swift */ = {isa = PBXFileReference; lastKnownFileType = sourcecode.swift; path = Constants.swift; sourceTree = "<group>"; };
		F42DCE731FA41746002147BB /* ClipKey.app */ = {isa = PBXFileReference; explicitFileType = wrapper.application; includeInIndex = 0; path = ClipKey.app; sourceTree = BUILT_PRODUCTS_DIR; };
		F42DCE761FA41746002147BB /* AppDelegate.swift */ = {isa = PBXFileReference; lastKnownFileType = sourcecode.swift; path = AppDelegate.swift; sourceTree = "<group>"; };
		F42DCE781FA41746002147BB /* HomeViewController.swift */ = {isa = PBXFileReference; lastKnownFileType = sourcecode.swift; path = HomeViewController.swift; sourceTree = "<group>"; };
		F42DCE7B1FA41746002147BB /* Base */ = {isa = PBXFileReference; lastKnownFileType = file.storyboard; name = Base; path = Base.lproj/Main.storyboard; sourceTree = "<group>"; };
		F42DCE7E1FA41746002147BB /* ClipKey.xcdatamodel */ = {isa = PBXFileReference; lastKnownFileType = wrapper.xcdatamodel; path = ClipKey.xcdatamodel; sourceTree = "<group>"; };
		F42DCE801FA41746002147BB /* Assets.xcassets */ = {isa = PBXFileReference; lastKnownFileType = folder.assetcatalog; path = Assets.xcassets; sourceTree = "<group>"; };
		F42DCE831FA41746002147BB /* Base */ = {isa = PBXFileReference; lastKnownFileType = file.storyboard; name = Base; path = Base.lproj/LaunchScreen.storyboard; sourceTree = "<group>"; };
		F42DCE851FA41746002147BB /* Info.plist */ = {isa = PBXFileReference; lastKnownFileType = text.plist.xml; path = Info.plist; sourceTree = "<group>"; };
		F42DCE8A1FA41746002147BB /* ClipKeyTests.xctest */ = {isa = PBXFileReference; explicitFileType = wrapper.cfbundle; includeInIndex = 0; path = ClipKeyTests.xctest; sourceTree = BUILT_PRODUCTS_DIR; };
		F42DCE8E1FA41746002147BB /* ClipKeyTests.swift */ = {isa = PBXFileReference; lastKnownFileType = sourcecode.swift; path = ClipKeyTests.swift; sourceTree = "<group>"; };
		F42DCE901FA41746002147BB /* Info.plist */ = {isa = PBXFileReference; lastKnownFileType = text.plist.xml; path = Info.plist; sourceTree = "<group>"; };
		F42DCE951FA41746002147BB /* ClipKeyUITests.xctest */ = {isa = PBXFileReference; explicitFileType = wrapper.cfbundle; includeInIndex = 0; path = ClipKeyUITests.xctest; sourceTree = BUILT_PRODUCTS_DIR; };
		F42DCE991FA41747002147BB /* ClipKeyUITests.swift */ = {isa = PBXFileReference; lastKnownFileType = sourcecode.swift; path = ClipKeyUITests.swift; sourceTree = "<group>"; };
		F42DCE9B1FA41747002147BB /* Info.plist */ = {isa = PBXFileReference; lastKnownFileType = text.plist.xml; path = Info.plist; sourceTree = "<group>"; };
		F42DCEAB1FA417C8002147BB /* Clipboard.appex */ = {isa = PBXFileReference; explicitFileType = "wrapper.app-extension"; includeInIndex = 0; path = Clipboard.appex; sourceTree = BUILT_PRODUCTS_DIR; };
		F42DCEAD1FA417C8002147BB /* KeyboardViewController.swift */ = {isa = PBXFileReference; lastKnownFileType = sourcecode.swift; path = KeyboardViewController.swift; sourceTree = "<group>"; };
		F42DCEAF1FA417C8002147BB /* Info.plist */ = {isa = PBXFileReference; lastKnownFileType = text.plist.xml; path = Info.plist; sourceTree = "<group>"; };
		F42DCEB71FA417DD002147BB /* Clipboard.storyboard */ = {isa = PBXFileReference; lastKnownFileType = file.storyboard; path = Clipboard.storyboard; sourceTree = "<group>"; };
		F42DCEB91FA419BC002147BB /* Clipboard.entitlements */ = {isa = PBXFileReference; lastKnownFileType = text.plist.entitlements; path = Clipboard.entitlements; sourceTree = "<group>"; };
		F42DCEBC1FA44D14002147BB /* KeyManager.swift */ = {isa = PBXFileReference; lastKnownFileType = sourcecode.swift; path = KeyManager.swift; sourceTree = "<group>"; };
		F42DCEBE1FA46802002147BB /* KeyViewController.swift */ = {isa = PBXFileReference; lastKnownFileType = sourcecode.swift; path = KeyViewController.swift; sourceTree = "<group>"; };
		F42DCEC21FA57805002147BB /* ClipKey.entitlements */ = {isa = PBXFileReference; lastKnownFileType = text.plist.entitlements; path = ClipKey.entitlements; sourceTree = "<group>"; };
		F43AD7121FAEF7E60090AE57 /* CustomButton.swift */ = {isa = PBXFileReference; fileEncoding = 4; lastKnownFileType = sourcecode.swift; path = CustomButton.swift; sourceTree = "<group>"; };
		F43AD7131FAEF7E60090AE57 /* CustomTextField.swift */ = {isa = PBXFileReference; fileEncoding = 4; lastKnownFileType = sourcecode.swift; path = CustomTextField.swift; sourceTree = "<group>"; };
		F43AD7161FAF06A70090AE57 /* Material.xcodeproj */ = {isa = PBXFileReference; lastKnownFileType = "wrapper.pb-project"; name = Material.xcodeproj; path = ../Material/Material.xcodeproj; sourceTree = "<group>"; };
		F43AD71D1FAF06B50090AE57 /* Motion.framework */ = {isa = PBXFileReference; explicitFileType = wrapper.framework; path = Motion.framework; sourceTree = BUILT_PRODUCTS_DIR; };
		F6DD37E24CCDD3A1D04B5FF3 /* Pods_ClipKeyUITests.framework */ = {isa = PBXFileReference; explicitFileType = wrapper.framework; includeInIndex = 0; path = Pods_ClipKeyUITests.framework; sourceTree = BUILT_PRODUCTS_DIR; };
/* End PBXFileReference section */

/* Begin PBXFrameworksBuildPhase section */
		F42DCE701FA41746002147BB /* Frameworks */ = {
			isa = PBXFrameworksBuildPhase;
			buildActionMask = 2147483647;
			files = (
				F43AD71E1FAF06B50090AE57 /* Motion.framework in Frameworks */,
				F43AD7201FAF06BE0090AE57 /* Material.framework in Frameworks */,
				C63C83F0609FB1CED7289823 /* Pods_ClipKey.framework in Frameworks */,
			);
			runOnlyForDeploymentPostprocessing = 0;
		};
		F42DCE871FA41746002147BB /* Frameworks */ = {
			isa = PBXFrameworksBuildPhase;
			buildActionMask = 2147483647;
			files = (
				62A99DDC135FB90B8019B515 /* Pods_ClipKeyTests.framework in Frameworks */,
			);
			runOnlyForDeploymentPostprocessing = 0;
		};
		F42DCE921FA41746002147BB /* Frameworks */ = {
			isa = PBXFrameworksBuildPhase;
			buildActionMask = 2147483647;
			files = (
				AB15ADA552C8A9283AECFAE6 /* Pods_ClipKeyUITests.framework in Frameworks */,
			);
			runOnlyForDeploymentPostprocessing = 0;
		};
		F42DCEA81FA417C8002147BB /* Frameworks */ = {
			isa = PBXFrameworksBuildPhase;
			buildActionMask = 2147483647;
			files = (
				84F332D0BB2AD97F6818FB6B /* Pods_Clipboard.framework in Frameworks */,
			);
			runOnlyForDeploymentPostprocessing = 0;
		};
/* End PBXFrameworksBuildPhase section */

/* Begin PBXGroup section */
		2917A039926F7DBABA1CA58A /* Pods */ = {
			isa = PBXGroup;
			children = (
				ED04E8421F0B43C40A6DB732 /* Pods-ClipKey.debug.xcconfig */,
				B79BDE3376BC03C6CE06C481 /* Pods-ClipKey.release.xcconfig */,
				0CE25FF738C1E22E6B877F29 /* Pods-ClipKeyTests.debug.xcconfig */,
				3ED8E3A5C99A53C9D995460D /* Pods-ClipKeyTests.release.xcconfig */,
				079D26ABBC25CD7B1192B584 /* Pods-ClipKeyUITests.debug.xcconfig */,
				DBFAD3D1B08DCFD34DDDBDDC /* Pods-ClipKeyUITests.release.xcconfig */,
				796C8F92A798CCA9D369E994 /* Pods-Clipboard.debug.xcconfig */,
				7BB729375FC12A560B6C10C1 /* Pods-Clipboard.release.xcconfig */,
			);
			name = Pods;
			sourceTree = "<group>";
		};
		F41B25B71FA933AA00B0D15D /* Frameworks */ = {
			isa = PBXGroup;
			children = (
				3E17FD32EFFAFC56FCD60D1D /* Pods_ClipKey.framework */,
				22254683B29C77FBDD5881B6 /* Pods_ClipKeyTests.framework */,
				F6DD37E24CCDD3A1D04B5FF3 /* Pods_ClipKeyUITests.framework */,
				4CDA1007894F19AA6723D0A3 /* Pods_Clipboard.framework */,
			);
			name = Frameworks;
			sourceTree = "<group>";
		};
		F42DCE6A1FA41746002147BB = {
			isa = PBXGroup;
			children = (
				F43AD71D1FAF06B50090AE57 /* Motion.framework */,
				F43AD7161FAF06A70090AE57 /* Material.xcodeproj */,
				F43AD7121FAEF7E60090AE57 /* CustomButton.swift */,
				F43AD7131FAEF7E60090AE57 /* CustomTextField.swift */,
				F42DCE751FA41746002147BB /* ClipKey */,
				F42DCE8D1FA41746002147BB /* ClipKeyTests */,
				F42DCE981FA41747002147BB /* ClipKeyUITests */,
				F42DCEAC1FA417C8002147BB /* Clipboard */,
				F42DCE741FA41746002147BB /* Products */,
				F41B25B71FA933AA00B0D15D /* Frameworks */,
				2917A039926F7DBABA1CA58A /* Pods */,
			);
			sourceTree = "<group>";
		};
		F42DCE741FA41746002147BB /* Products */ = {
			isa = PBXGroup;
			children = (
				F42DCE731FA41746002147BB /* ClipKey.app */,
				F42DCE8A1FA41746002147BB /* ClipKeyTests.xctest */,
				F42DCE951FA41746002147BB /* ClipKeyUITests.xctest */,
				F42DCEAB1FA417C8002147BB /* Clipboard.appex */,
			);
			name = Products;
			sourceTree = "<group>";
		};
		F42DCE751FA41746002147BB /* ClipKey */ = {
			isa = PBXGroup;
			children = (
				F41B25DE1FA93E7900B0D15D /* Constants.swift */,
				F42DCEC21FA57805002147BB /* ClipKey.entitlements */,
				F42DCE761FA41746002147BB /* AppDelegate.swift */,
				F42DCE781FA41746002147BB /* HomeViewController.swift */,
				F42DCEBC1FA44D14002147BB /* KeyManager.swift */,
				F42DCE7A1FA41746002147BB /* Main.storyboard */,
				F42DCEBE1FA46802002147BB /* KeyViewController.swift */,
				F42DCE801FA41746002147BB /* Assets.xcassets */,
				F42DCE821FA41746002147BB /* LaunchScreen.storyboard */,
				F42DCE851FA41746002147BB /* Info.plist */,
				F42DCE7D1FA41746002147BB /* ClipKey.xcdatamodeld */,
				F41B25A31FA680A700B0D15D /* CoreDataStack.swift */,
			);
			path = ClipKey;
			sourceTree = "<group>";
		};
		F42DCE8D1FA41746002147BB /* ClipKeyTests */ = {
			isa = PBXGroup;
			children = (
				F42DCE8E1FA41746002147BB /* ClipKeyTests.swift */,
				F42DCE901FA41746002147BB /* Info.plist */,
			);
			path = ClipKeyTests;
			sourceTree = "<group>";
		};
		F42DCE981FA41747002147BB /* ClipKeyUITests */ = {
			isa = PBXGroup;
			children = (
				F42DCE991FA41747002147BB /* ClipKeyUITests.swift */,
				F42DCE9B1FA41747002147BB /* Info.plist */,
			);
			path = ClipKeyUITests;
			sourceTree = "<group>";
		};
		F42DCEAC1FA417C8002147BB /* Clipboard */ = {
			isa = PBXGroup;
			children = (
				F42DCEB91FA419BC002147BB /* Clipboard.entitlements */,
				F42DCEAD1FA417C8002147BB /* KeyboardViewController.swift */,
				F42DCEAF1FA417C8002147BB /* Info.plist */,
				F42DCEB71FA417DD002147BB /* Clipboard.storyboard */,
				F41B25E21FA95BFA00B0D15D /* Constants.swift */,
			);
			path = Clipboard;
			sourceTree = "<group>";
		};
		F43AD7171FAF06A70090AE57 /* Products */ = {
			isa = PBXGroup;
			children = (
				F43AD71C1FAF06A70090AE57 /* Material.framework */,
			);
			name = Products;
			sourceTree = "<group>";
		};
/* End PBXGroup section */

/* Begin PBXNativeTarget section */
		F42DCE721FA41746002147BB /* ClipKey */ = {
			isa = PBXNativeTarget;
			buildConfigurationList = F42DCE9E1FA41747002147BB /* Build configuration list for PBXNativeTarget "ClipKey" */;
			buildPhases = (
				81BA7666919A4569EAC13261 /* [CP] Check Pods Manifest.lock */,
				F42DCE6F1FA41746002147BB /* Sources */,
				F42DCE701FA41746002147BB /* Frameworks */,
				F42DCE711FA41746002147BB /* Resources */,
				F42DCEB61FA417C8002147BB /* Embed App Extensions */,
				F41B25B61FA933A100B0D15D /* Embed Frameworks */,
				552F80B825BB43F10F72B082 /* [CP] Embed Pods Frameworks */,
				ED9B879F66A22452EC688FDC /* [CP] Copy Pods Resources */,
			);
			buildRules = (
			);
			dependencies = (
				F42DCEB11FA417C8002147BB /* PBXTargetDependency */,
				F43AD7231FAF06BE0090AE57 /* PBXTargetDependency */,
			);
			name = ClipKey;
			productName = ClipKey;
			productReference = F42DCE731FA41746002147BB /* ClipKey.app */;
			productType = "com.apple.product-type.application";
		};
		F42DCE891FA41746002147BB /* ClipKeyTests */ = {
			isa = PBXNativeTarget;
			buildConfigurationList = F42DCEA11FA41747002147BB /* Build configuration list for PBXNativeTarget "ClipKeyTests" */;
			buildPhases = (
				4A5BAC27E3B38E66CEDE700B /* [CP] Check Pods Manifest.lock */,
				F42DCE861FA41746002147BB /* Sources */,
				F42DCE871FA41746002147BB /* Frameworks */,
				F42DCE881FA41746002147BB /* Resources */,
				CBA601118D6E1EC2AC9F7B8D /* [CP] Embed Pods Frameworks */,
				6BD1A4418A3AE280C50F6E22 /* [CP] Copy Pods Resources */,
			);
			buildRules = (
			);
			dependencies = (
				F42DCE8C1FA41746002147BB /* PBXTargetDependency */,
			);
			name = ClipKeyTests;
			productName = ClipKeyTests;
			productReference = F42DCE8A1FA41746002147BB /* ClipKeyTests.xctest */;
			productType = "com.apple.product-type.bundle.unit-test";
		};
		F42DCE941FA41746002147BB /* ClipKeyUITests */ = {
			isa = PBXNativeTarget;
			buildConfigurationList = F42DCEA41FA41747002147BB /* Build configuration list for PBXNativeTarget "ClipKeyUITests" */;
			buildPhases = (
				35FACD2EB54EA5756609BDE6 /* [CP] Check Pods Manifest.lock */,
				F42DCE911FA41746002147BB /* Sources */,
				F42DCE921FA41746002147BB /* Frameworks */,
				F42DCE931FA41746002147BB /* Resources */,
				88B339DDE35F5C7675BB9718 /* [CP] Embed Pods Frameworks */,
				30F5306DA903E93365E8A941 /* [CP] Copy Pods Resources */,
			);
			buildRules = (
			);
			dependencies = (
				F42DCE971FA41746002147BB /* PBXTargetDependency */,
			);
			name = ClipKeyUITests;
			productName = ClipKeyUITests;
			productReference = F42DCE951FA41746002147BB /* ClipKeyUITests.xctest */;
			productType = "com.apple.product-type.bundle.ui-testing";
		};
		F42DCEAA1FA417C8002147BB /* Clipboard */ = {
			isa = PBXNativeTarget;
			buildConfigurationList = F42DCEB31FA417C8002147BB /* Build configuration list for PBXNativeTarget "Clipboard" */;
			buildPhases = (
				EF9883E451853ACFD5B4DFBD /* [CP] Check Pods Manifest.lock */,
				F42DCEA71FA417C8002147BB /* Sources */,
				F42DCEA81FA417C8002147BB /* Frameworks */,
				F42DCEA91FA417C8002147BB /* Resources */,
				1AE3BEBBC44AB92EEA4F5305 /* [CP] Copy Pods Resources */,
			);
			buildRules = (
			);
			dependencies = (
			);
			name = Clipboard;
			productName = Clipboard;
			productReference = F42DCEAB1FA417C8002147BB /* Clipboard.appex */;
			productType = "com.apple.product-type.app-extension";
		};
/* End PBXNativeTarget section */

/* Begin PBXProject section */
		F42DCE6B1FA41746002147BB /* Project object */ = {
			isa = PBXProject;
			attributes = {
				LastSwiftUpdateCheck = 0900;
				LastUpgradeCheck = 0900;
				ORGANIZATIONNAME = "Kadeem Palacios";
				TargetAttributes = {
					F42DCE721FA41746002147BB = {
						CreatedOnToolsVersion = 9.0;
						ProvisioningStyle = Automatic;
						SystemCapabilities = {
							com.apple.ApplicationGroups.iOS = {
								enabled = 1;
							};
						};
					};
					F42DCE891FA41746002147BB = {
						CreatedOnToolsVersion = 9.0;
						ProvisioningStyle = Automatic;
						TestTargetID = F42DCE721FA41746002147BB;
					};
					F42DCE941FA41746002147BB = {
						CreatedOnToolsVersion = 9.0;
						ProvisioningStyle = Automatic;
						TestTargetID = F42DCE721FA41746002147BB;
					};
					F42DCEAA1FA417C8002147BB = {
						CreatedOnToolsVersion = 9.0;
						ProvisioningStyle = Automatic;
						SystemCapabilities = {
							com.apple.ApplicationGroups.iOS = {
								enabled = 1;
							};
						};
					};
				};
			};
			buildConfigurationList = F42DCE6E1FA41746002147BB /* Build configuration list for PBXProject "ClipKey" */;
			compatibilityVersion = "Xcode 8.0";
			developmentRegion = en;
			hasScannedForEncodings = 0;
			knownRegions = (
				en,
				Base,
			);
			mainGroup = F42DCE6A1FA41746002147BB;
			productRefGroup = F42DCE741FA41746002147BB /* Products */;
			projectDirPath = "";
			projectReferences = (
				{
					ProductGroup = F43AD7171FAF06A70090AE57 /* Products */;
					ProjectRef = F43AD7161FAF06A70090AE57 /* Material.xcodeproj */;
				},
			);
			projectRoot = "";
			targets = (
				F42DCE721FA41746002147BB /* ClipKey */,
				F42DCE891FA41746002147BB /* ClipKeyTests */,
				F42DCE941FA41746002147BB /* ClipKeyUITests */,
				F42DCEAA1FA417C8002147BB /* Clipboard */,
			);
		};
/* End PBXProject section */

/* Begin PBXReferenceProxy section */
		F43AD71C1FAF06A70090AE57 /* Material.framework */ = {
			isa = PBXReferenceProxy;
			fileType = wrapper.framework;
			path = Material.framework;
			remoteRef = F43AD71B1FAF06A70090AE57 /* PBXContainerItemProxy */;
			sourceTree = BUILT_PRODUCTS_DIR;
		};
/* End PBXReferenceProxy section */

/* Begin PBXResourcesBuildPhase section */
		F42DCE711FA41746002147BB /* Resources */ = {
			isa = PBXResourcesBuildPhase;
			buildActionMask = 2147483647;
			files = (
				F42DCE841FA41746002147BB /* LaunchScreen.storyboard in Resources */,
				F42DCE811FA41746002147BB /* Assets.xcassets in Resources */,
				F42DCE7C1FA41746002147BB /* Main.storyboard in Resources */,
			);
			runOnlyForDeploymentPostprocessing = 0;
		};
		F42DCE881FA41746002147BB /* Resources */ = {
			isa = PBXResourcesBuildPhase;
			buildActionMask = 2147483647;
			files = (
			);
			runOnlyForDeploymentPostprocessing = 0;
		};
		F42DCE931FA41746002147BB /* Resources */ = {
			isa = PBXResourcesBuildPhase;
			buildActionMask = 2147483647;
			files = (
			);
			runOnlyForDeploymentPostprocessing = 0;
		};
		F42DCEA91FA417C8002147BB /* Resources */ = {
			isa = PBXResourcesBuildPhase;
			buildActionMask = 2147483647;
			files = (
				F42DCEB81FA417DD002147BB /* Clipboard.storyboard in Resources */,
			);
			runOnlyForDeploymentPostprocessing = 0;
		};
/* End PBXResourcesBuildPhase section */

/* Begin PBXShellScriptBuildPhase section */
		1AE3BEBBC44AB92EEA4F5305 /* [CP] Copy Pods Resources */ = {
			isa = PBXShellScriptBuildPhase;
			buildActionMask = 2147483647;
			files = (
			);
			inputPaths = (
			);
			name = "[CP] Copy Pods Resources";
			outputPaths = (
			);
			runOnlyForDeploymentPostprocessing = 0;
			shellPath = /bin/sh;
			shellScript = "\"${SRCROOT}/Pods/Target Support Files/Pods-Clipboard/Pods-Clipboard-resources.sh\"\n";
			showEnvVarsInLog = 0;
		};
		30F5306DA903E93365E8A941 /* [CP] Copy Pods Resources */ = {
			isa = PBXShellScriptBuildPhase;
			buildActionMask = 2147483647;
			files = (
			);
			inputPaths = (
			);
			name = "[CP] Copy Pods Resources";
			outputPaths = (
			);
			runOnlyForDeploymentPostprocessing = 0;
			shellPath = /bin/sh;
			shellScript = "\"${SRCROOT}/Pods/Target Support Files/Pods-ClipKeyUITests/Pods-ClipKeyUITests-resources.sh\"\n";
			showEnvVarsInLog = 0;
		};
		35FACD2EB54EA5756609BDE6 /* [CP] Check Pods Manifest.lock */ = {
			isa = PBXShellScriptBuildPhase;
			buildActionMask = 2147483647;
			files = (
			);
			inputPaths = (
			);
			name = "[CP] Check Pods Manifest.lock";
			outputPaths = (
			);
			runOnlyForDeploymentPostprocessing = 0;
			shellPath = /bin/sh;
			shellScript = "diff \"${PODS_PODFILE_DIR_PATH}/Podfile.lock\" \"${PODS_ROOT}/Manifest.lock\" > /dev/null\nif [ $? != 0 ] ; then\n    # print error to STDERR\n    echo \"error: The sandbox is not in sync with the Podfile.lock. Run 'pod install' or update your CocoaPods installation.\" >&2\n    exit 1\nfi\n";
			showEnvVarsInLog = 0;
		};
		4A5BAC27E3B38E66CEDE700B /* [CP] Check Pods Manifest.lock */ = {
			isa = PBXShellScriptBuildPhase;
			buildActionMask = 2147483647;
			files = (
			);
			inputPaths = (
			);
			name = "[CP] Check Pods Manifest.lock";
			outputPaths = (
			);
			runOnlyForDeploymentPostprocessing = 0;
			shellPath = /bin/sh;
			shellScript = "diff \"${PODS_PODFILE_DIR_PATH}/Podfile.lock\" \"${PODS_ROOT}/Manifest.lock\" > /dev/null\nif [ $? != 0 ] ; then\n    # print error to STDERR\n    echo \"error: The sandbox is not in sync with the Podfile.lock. Run 'pod install' or update your CocoaPods installation.\" >&2\n    exit 1\nfi\n";
			showEnvVarsInLog = 0;
		};
		552F80B825BB43F10F72B082 /* [CP] Embed Pods Frameworks */ = {
			isa = PBXShellScriptBuildPhase;
			buildActionMask = 2147483647;
			files = (
			);
			inputPaths = (
			);
			name = "[CP] Embed Pods Frameworks";
			outputPaths = (
			);
			runOnlyForDeploymentPostprocessing = 0;
			shellPath = /bin/sh;
			shellScript = "\"${SRCROOT}/Pods/Target Support Files/Pods-ClipKey/Pods-ClipKey-frameworks.sh\"\n";
			showEnvVarsInLog = 0;
		};
		6BD1A4418A3AE280C50F6E22 /* [CP] Copy Pods Resources */ = {
			isa = PBXShellScriptBuildPhase;
			buildActionMask = 2147483647;
			files = (
			);
			inputPaths = (
			);
			name = "[CP] Copy Pods Resources";
			outputPaths = (
			);
			runOnlyForDeploymentPostprocessing = 0;
			shellPath = /bin/sh;
			shellScript = "\"${SRCROOT}/Pods/Target Support Files/Pods-ClipKeyTests/Pods-ClipKeyTests-resources.sh\"\n";
			showEnvVarsInLog = 0;
		};
		81BA7666919A4569EAC13261 /* [CP] Check Pods Manifest.lock */ = {
			isa = PBXShellScriptBuildPhase;
			buildActionMask = 2147483647;
			files = (
			);
			inputPaths = (
			);
			name = "[CP] Check Pods Manifest.lock";
			outputPaths = (
			);
			runOnlyForDeploymentPostprocessing = 0;
			shellPath = /bin/sh;
			shellScript = "diff \"${PODS_PODFILE_DIR_PATH}/Podfile.lock\" \"${PODS_ROOT}/Manifest.lock\" > /dev/null\nif [ $? != 0 ] ; then\n    # print error to STDERR\n    echo \"error: The sandbox is not in sync with the Podfile.lock. Run 'pod install' or update your CocoaPods installation.\" >&2\n    exit 1\nfi\n";
			showEnvVarsInLog = 0;
		};
		88B339DDE35F5C7675BB9718 /* [CP] Embed Pods Frameworks */ = {
			isa = PBXShellScriptBuildPhase;
			buildActionMask = 2147483647;
			files = (
			);
			inputPaths = (
			);
			name = "[CP] Embed Pods Frameworks";
			outputPaths = (
			);
			runOnlyForDeploymentPostprocessing = 0;
			shellPath = /bin/sh;
			shellScript = "\"${SRCROOT}/Pods/Target Support Files/Pods-ClipKeyUITests/Pods-ClipKeyUITests-frameworks.sh\"\n";
			showEnvVarsInLog = 0;
		};
		CBA601118D6E1EC2AC9F7B8D /* [CP] Embed Pods Frameworks */ = {
			isa = PBXShellScriptBuildPhase;
			buildActionMask = 2147483647;
			files = (
			);
			inputPaths = (
			);
			name = "[CP] Embed Pods Frameworks";
			outputPaths = (
			);
			runOnlyForDeploymentPostprocessing = 0;
			shellPath = /bin/sh;
			shellScript = "\"${SRCROOT}/Pods/Target Support Files/Pods-ClipKeyTests/Pods-ClipKeyTests-frameworks.sh\"\n";
			showEnvVarsInLog = 0;
		};
		ED9B879F66A22452EC688FDC /* [CP] Copy Pods Resources */ = {
			isa = PBXShellScriptBuildPhase;
			buildActionMask = 2147483647;
			files = (
			);
			inputPaths = (
			);
			name = "[CP] Copy Pods Resources";
			outputPaths = (
			);
			runOnlyForDeploymentPostprocessing = 0;
			shellPath = /bin/sh;
			shellScript = "\"${SRCROOT}/Pods/Target Support Files/Pods-ClipKey/Pods-ClipKey-resources.sh\"\n";
			showEnvVarsInLog = 0;
		};
		EF9883E451853ACFD5B4DFBD /* [CP] Check Pods Manifest.lock */ = {
			isa = PBXShellScriptBuildPhase;
			buildActionMask = 2147483647;
			files = (
			);
			inputPaths = (
			);
			name = "[CP] Check Pods Manifest.lock";
			outputPaths = (
			);
			runOnlyForDeploymentPostprocessing = 0;
			shellPath = /bin/sh;
			shellScript = "diff \"${PODS_PODFILE_DIR_PATH}/Podfile.lock\" \"${PODS_ROOT}/Manifest.lock\" > /dev/null\nif [ $? != 0 ] ; then\n    # print error to STDERR\n    echo \"error: The sandbox is not in sync with the Podfile.lock. Run 'pod install' or update your CocoaPods installation.\" >&2\n    exit 1\nfi\n";
			showEnvVarsInLog = 0;
		};
/* End PBXShellScriptBuildPhase section */

/* Begin PBXSourcesBuildPhase section */
		F42DCE6F1FA41746002147BB /* Sources */ = {
			isa = PBXSourcesBuildPhase;
			buildActionMask = 2147483647;
			files = (
				F42DCEBF1FA46802002147BB /* KeyViewController.swift in Sources */,
				F42DCE7F1FA41746002147BB /* ClipKey.xcdatamodeld in Sources */,
				F42DCE791FA41746002147BB /* HomeViewController.swift in Sources */,
				F41B25A41FA680A700B0D15D /* CoreDataStack.swift in Sources */,
				F43AD7141FAEF7E70090AE57 /* CustomButton.swift in Sources */,
				F41B25E11FA93E8700B0D15D /* Constants.swift in Sources */,
				F42DCE771FA41746002147BB /* AppDelegate.swift in Sources */,
				F42DCEBD1FA44D14002147BB /* KeyManager.swift in Sources */,
				F43AD7151FAEF7E70090AE57 /* CustomTextField.swift in Sources */,
			);
			runOnlyForDeploymentPostprocessing = 0;
		};
		F42DCE861FA41746002147BB /* Sources */ = {
			isa = PBXSourcesBuildPhase;
			buildActionMask = 2147483647;
			files = (
				F42DCE8F1FA41746002147BB /* ClipKeyTests.swift in Sources */,
			);
			runOnlyForDeploymentPostprocessing = 0;
		};
		F42DCE911FA41746002147BB /* Sources */ = {
			isa = PBXSourcesBuildPhase;
			buildActionMask = 2147483647;
			files = (
				F42DCE9A1FA41747002147BB /* ClipKeyUITests.swift in Sources */,
			);
			runOnlyForDeploymentPostprocessing = 0;
		};
		F42DCEA71FA417C8002147BB /* Sources */ = {
			isa = PBXSourcesBuildPhase;
			buildActionMask = 2147483647;
			files = (
				F42DCEAE1FA417C8002147BB /* KeyboardViewController.swift in Sources */,
				F41B25E31FA95BFA00B0D15D /* Constants.swift in Sources */,
			);
			runOnlyForDeploymentPostprocessing = 0;
		};
/* End PBXSourcesBuildPhase section */

/* Begin PBXTargetDependency section */
		F42DCE8C1FA41746002147BB /* PBXTargetDependency */ = {
			isa = PBXTargetDependency;
			target = F42DCE721FA41746002147BB /* ClipKey */;
			targetProxy = F42DCE8B1FA41746002147BB /* PBXContainerItemProxy */;
		};
		F42DCE971FA41746002147BB /* PBXTargetDependency */ = {
			isa = PBXTargetDependency;
			target = F42DCE721FA41746002147BB /* ClipKey */;
			targetProxy = F42DCE961FA41746002147BB /* PBXContainerItemProxy */;
		};
		F42DCEB11FA417C8002147BB /* PBXTargetDependency */ = {
			isa = PBXTargetDependency;
			target = F42DCEAA1FA417C8002147BB /* Clipboard */;
			targetProxy = F42DCEB01FA417C8002147BB /* PBXContainerItemProxy */;
		};
		F43AD7231FAF06BE0090AE57 /* PBXTargetDependency */ = {
			isa = PBXTargetDependency;
			name = Material;
			targetProxy = F43AD7221FAF06BE0090AE57 /* PBXContainerItemProxy */;
		};
/* End PBXTargetDependency section */

/* Begin PBXVariantGroup section */
		F42DCE7A1FA41746002147BB /* Main.storyboard */ = {
			isa = PBXVariantGroup;
			children = (
				F42DCE7B1FA41746002147BB /* Base */,
			);
			name = Main.storyboard;
			sourceTree = "<group>";
		};
		F42DCE821FA41746002147BB /* LaunchScreen.storyboard */ = {
			isa = PBXVariantGroup;
			children = (
				F42DCE831FA41746002147BB /* Base */,
			);
			name = LaunchScreen.storyboard;
			sourceTree = "<group>";
		};
/* End PBXVariantGroup section */

/* Begin XCBuildConfiguration section */
		F42DCE9C1FA41747002147BB /* Debug */ = {
			isa = XCBuildConfiguration;
			buildSettings = {
				ALWAYS_SEARCH_USER_PATHS = NO;
				CLANG_ANALYZER_NONNULL = YES;
				CLANG_ANALYZER_NUMBER_OBJECT_CONVERSION = YES_AGGRESSIVE;
				CLANG_CXX_LANGUAGE_STANDARD = "gnu++14";
				CLANG_CXX_LIBRARY = "libc++";
				CLANG_ENABLE_MODULES = YES;
				CLANG_ENABLE_OBJC_ARC = YES;
				CLANG_WARN_BLOCK_CAPTURE_AUTORELEASING = YES;
				CLANG_WARN_BOOL_CONVERSION = YES;
				CLANG_WARN_COMMA = YES;
				CLANG_WARN_CONSTANT_CONVERSION = YES;
				CLANG_WARN_DIRECT_OBJC_ISA_USAGE = YES_ERROR;
				CLANG_WARN_DOCUMENTATION_COMMENTS = YES;
				CLANG_WARN_EMPTY_BODY = YES;
				CLANG_WARN_ENUM_CONVERSION = YES;
				CLANG_WARN_INFINITE_RECURSION = YES;
				CLANG_WARN_INT_CONVERSION = YES;
				CLANG_WARN_NON_LITERAL_NULL_CONVERSION = YES;
				CLANG_WARN_OBJC_LITERAL_CONVERSION = YES;
				CLANG_WARN_OBJC_ROOT_CLASS = YES_ERROR;
				CLANG_WARN_RANGE_LOOP_ANALYSIS = YES;
				CLANG_WARN_STRICT_PROTOTYPES = YES;
				CLANG_WARN_SUSPICIOUS_MOVE = YES;
				CLANG_WARN_UNGUARDED_AVAILABILITY = YES_AGGRESSIVE;
				CLANG_WARN_UNREACHABLE_CODE = YES;
				CLANG_WARN__DUPLICATE_METHOD_MATCH = YES;
				CODE_SIGN_IDENTITY = "iPhone Developer";
				COPY_PHASE_STRIP = NO;
				DEBUG_INFORMATION_FORMAT = dwarf;
				ENABLE_STRICT_OBJC_MSGSEND = YES;
				ENABLE_TESTABILITY = YES;
				GCC_C_LANGUAGE_STANDARD = gnu11;
				GCC_DYNAMIC_NO_PIC = NO;
				GCC_NO_COMMON_BLOCKS = YES;
				GCC_OPTIMIZATION_LEVEL = 0;
				GCC_PREPROCESSOR_DEFINITIONS = (
					"DEBUG=1",
					"$(inherited)",
				);
				GCC_WARN_64_TO_32_BIT_CONVERSION = YES;
				GCC_WARN_ABOUT_RETURN_TYPE = YES_ERROR;
				GCC_WARN_UNDECLARED_SELECTOR = YES;
				GCC_WARN_UNINITIALIZED_AUTOS = YES_AGGRESSIVE;
				GCC_WARN_UNUSED_FUNCTION = YES;
				GCC_WARN_UNUSED_VARIABLE = YES;
				IPHONEOS_DEPLOYMENT_TARGET = 11.0;
				MTL_ENABLE_DEBUG_INFO = YES;
				ONLY_ACTIVE_ARCH = YES;
				SDKROOT = iphoneos;
				SWIFT_ACTIVE_COMPILATION_CONDITIONS = DEBUG;
				SWIFT_OPTIMIZATION_LEVEL = "-Onone";
			};
			name = Debug;
		};
		F42DCE9D1FA41747002147BB /* Release */ = {
			isa = XCBuildConfiguration;
			buildSettings = {
				ALWAYS_SEARCH_USER_PATHS = NO;
				CLANG_ANALYZER_NONNULL = YES;
				CLANG_ANALYZER_NUMBER_OBJECT_CONVERSION = YES_AGGRESSIVE;
				CLANG_CXX_LANGUAGE_STANDARD = "gnu++14";
				CLANG_CXX_LIBRARY = "libc++";
				CLANG_ENABLE_MODULES = YES;
				CLANG_ENABLE_OBJC_ARC = YES;
				CLANG_WARN_BLOCK_CAPTURE_AUTORELEASING = YES;
				CLANG_WARN_BOOL_CONVERSION = YES;
				CLANG_WARN_COMMA = YES;
				CLANG_WARN_CONSTANT_CONVERSION = YES;
				CLANG_WARN_DIRECT_OBJC_ISA_USAGE = YES_ERROR;
				CLANG_WARN_DOCUMENTATION_COMMENTS = YES;
				CLANG_WARN_EMPTY_BODY = YES;
				CLANG_WARN_ENUM_CONVERSION = YES;
				CLANG_WARN_INFINITE_RECURSION = YES;
				CLANG_WARN_INT_CONVERSION = YES;
				CLANG_WARN_NON_LITERAL_NULL_CONVERSION = YES;
				CLANG_WARN_OBJC_LITERAL_CONVERSION = YES;
				CLANG_WARN_OBJC_ROOT_CLASS = YES_ERROR;
				CLANG_WARN_RANGE_LOOP_ANALYSIS = YES;
				CLANG_WARN_STRICT_PROTOTYPES = YES;
				CLANG_WARN_SUSPICIOUS_MOVE = YES;
				CLANG_WARN_UNGUARDED_AVAILABILITY = YES_AGGRESSIVE;
				CLANG_WARN_UNREACHABLE_CODE = YES;
				CLANG_WARN__DUPLICATE_METHOD_MATCH = YES;
				CODE_SIGN_IDENTITY = "iPhone Developer";
				COPY_PHASE_STRIP = NO;
				DEBUG_INFORMATION_FORMAT = "dwarf-with-dsym";
				ENABLE_NS_ASSERTIONS = NO;
				ENABLE_STRICT_OBJC_MSGSEND = YES;
				GCC_C_LANGUAGE_STANDARD = gnu11;
				GCC_NO_COMMON_BLOCKS = YES;
				GCC_WARN_64_TO_32_BIT_CONVERSION = YES;
				GCC_WARN_ABOUT_RETURN_TYPE = YES_ERROR;
				GCC_WARN_UNDECLARED_SELECTOR = YES;
				GCC_WARN_UNINITIALIZED_AUTOS = YES_AGGRESSIVE;
				GCC_WARN_UNUSED_FUNCTION = YES;
				GCC_WARN_UNUSED_VARIABLE = YES;
				IPHONEOS_DEPLOYMENT_TARGET = 11.0;
				MTL_ENABLE_DEBUG_INFO = NO;
				SDKROOT = iphoneos;
				SWIFT_OPTIMIZATION_LEVEL = "-Owholemodule";
				VALIDATE_PRODUCT = YES;
			};
			name = Release;
		};
		F42DCE9F1FA41747002147BB /* Debug */ = {
			isa = XCBuildConfiguration;
			baseConfigurationReference = ED04E8421F0B43C40A6DB732 /* Pods-ClipKey.debug.xcconfig */;
			buildSettings = {
				ALWAYS_EMBED_SWIFT_STANDARD_LIBRARIES = YES;
				ASSETCATALOG_COMPILER_APPICON_NAME = AppIcon;
				CODE_SIGN_ENTITLEMENTS = ClipKey/ClipKey.entitlements;
				CODE_SIGN_STYLE = Automatic;
				DEVELOPMENT_TEAM = 7G8EV52YPP;
				FRAMEWORK_SEARCH_PATHS = (
					"$(inherited)",
					"$(PROJECT_DIR)",
				);
				INFOPLIST_FILE = ClipKey/Info.plist;
				LD_RUNPATH_SEARCH_PATHS = "$(inherited) @executable_path/Frameworks";
				PRODUCT_BUNDLE_IDENTIFIER = Palacios.ClipKey;
				PRODUCT_NAME = "$(TARGET_NAME)";
				SWIFT_VERSION = 4.0;
				TARGETED_DEVICE_FAMILY = "1,2";
			};
			name = Debug;
		};
		F42DCEA01FA41747002147BB /* Release */ = {
			isa = XCBuildConfiguration;
			baseConfigurationReference = B79BDE3376BC03C6CE06C481 /* Pods-ClipKey.release.xcconfig */;
			buildSettings = {
				ALWAYS_EMBED_SWIFT_STANDARD_LIBRARIES = YES;
				ASSETCATALOG_COMPILER_APPICON_NAME = AppIcon;
				CODE_SIGN_ENTITLEMENTS = ClipKey/ClipKey.entitlements;
				CODE_SIGN_STYLE = Automatic;
				DEVELOPMENT_TEAM = 7G8EV52YPP;
				FRAMEWORK_SEARCH_PATHS = (
					"$(inherited)",
					"$(PROJECT_DIR)",
				);
				INFOPLIST_FILE = ClipKey/Info.plist;
				LD_RUNPATH_SEARCH_PATHS = "$(inherited) @executable_path/Frameworks";
				PRODUCT_BUNDLE_IDENTIFIER = Palacios.ClipKey;
				PRODUCT_NAME = "$(TARGET_NAME)";
				SWIFT_VERSION = 4.0;
				TARGETED_DEVICE_FAMILY = "1,2";
			};
			name = Release;
		};
		F42DCEA21FA41747002147BB /* Debug */ = {
			isa = XCBuildConfiguration;
			baseConfigurationReference = 0CE25FF738C1E22E6B877F29 /* Pods-ClipKeyTests.debug.xcconfig */;
			buildSettings = {
				ALWAYS_EMBED_SWIFT_STANDARD_LIBRARIES = YES;
				BUNDLE_LOADER = "$(TEST_HOST)";
				CODE_SIGN_STYLE = Automatic;
				DEVELOPMENT_TEAM = 7G8EV52YPP;
				INFOPLIST_FILE = ClipKeyTests/Info.plist;
				LD_RUNPATH_SEARCH_PATHS = "$(inherited) @executable_path/Frameworks @loader_path/Frameworks";
				PRODUCT_BUNDLE_IDENTIFIER = Palacios.ClipKeyTests;
				PRODUCT_NAME = "$(TARGET_NAME)";
				SWIFT_VERSION = 4.0;
				TARGETED_DEVICE_FAMILY = "1,2";
				TEST_HOST = "$(BUILT_PRODUCTS_DIR)/ClipKey.app/ClipKey";
			};
			name = Debug;
		};
		F42DCEA31FA41747002147BB /* Release */ = {
			isa = XCBuildConfiguration;
			baseConfigurationReference = 3ED8E3A5C99A53C9D995460D /* Pods-ClipKeyTests.release.xcconfig */;
			buildSettings = {
				ALWAYS_EMBED_SWIFT_STANDARD_LIBRARIES = YES;
				BUNDLE_LOADER = "$(TEST_HOST)";
				CODE_SIGN_STYLE = Automatic;
				DEVELOPMENT_TEAM = 7G8EV52YPP;
				INFOPLIST_FILE = ClipKeyTests/Info.plist;
				LD_RUNPATH_SEARCH_PATHS = "$(inherited) @executable_path/Frameworks @loader_path/Frameworks";
				PRODUCT_BUNDLE_IDENTIFIER = Palacios.ClipKeyTests;
				PRODUCT_NAME = "$(TARGET_NAME)";
				SWIFT_VERSION = 4.0;
				TARGETED_DEVICE_FAMILY = "1,2";
				TEST_HOST = "$(BUILT_PRODUCTS_DIR)/ClipKey.app/ClipKey";
			};
			name = Release;
		};
		F42DCEA51FA41747002147BB /* Debug */ = {
			isa = XCBuildConfiguration;
			baseConfigurationReference = 079D26ABBC25CD7B1192B584 /* Pods-ClipKeyUITests.debug.xcconfig */;
			buildSettings = {
				ALWAYS_EMBED_SWIFT_STANDARD_LIBRARIES = YES;
				CODE_SIGN_STYLE = Automatic;
				DEVELOPMENT_TEAM = 7G8EV52YPP;
				INFOPLIST_FILE = ClipKeyUITests/Info.plist;
				LD_RUNPATH_SEARCH_PATHS = "$(inherited) @executable_path/Frameworks @loader_path/Frameworks";
				PRODUCT_BUNDLE_IDENTIFIER = Palacios.ClipKeyUITests;
				PRODUCT_NAME = "$(TARGET_NAME)";
				SWIFT_VERSION = 4.0;
				TARGETED_DEVICE_FAMILY = "1,2";
				TEST_TARGET_NAME = ClipKey;
			};
			name = Debug;
		};
		F42DCEA61FA41747002147BB /* Release */ = {
			isa = XCBuildConfiguration;
			baseConfigurationReference = DBFAD3D1B08DCFD34DDDBDDC /* Pods-ClipKeyUITests.release.xcconfig */;
			buildSettings = {
				ALWAYS_EMBED_SWIFT_STANDARD_LIBRARIES = YES;
				CODE_SIGN_STYLE = Automatic;
				DEVELOPMENT_TEAM = 7G8EV52YPP;
				INFOPLIST_FILE = ClipKeyUITests/Info.plist;
				LD_RUNPATH_SEARCH_PATHS = "$(inherited) @executable_path/Frameworks @loader_path/Frameworks";
				PRODUCT_BUNDLE_IDENTIFIER = Palacios.ClipKeyUITests;
				PRODUCT_NAME = "$(TARGET_NAME)";
				SWIFT_VERSION = 4.0;
				TARGETED_DEVICE_FAMILY = "1,2";
				TEST_TARGET_NAME = ClipKey;
			};
			name = Release;
		};
		F42DCEB41FA417C8002147BB /* Debug */ = {
			isa = XCBuildConfiguration;
			baseConfigurationReference = 796C8F92A798CCA9D369E994 /* Pods-Clipboard.debug.xcconfig */;
			buildSettings = {
				CODE_SIGN_ENTITLEMENTS = Clipboard/Clipboard.entitlements;
				CODE_SIGN_STYLE = Automatic;
				DEVELOPMENT_TEAM = 7G8EV52YPP;
				INFOPLIST_FILE = Clipboard/Info.plist;
				LD_RUNPATH_SEARCH_PATHS = "$(inherited) @executable_path/Frameworks @executable_path/../../Frameworks";
				PRODUCT_BUNDLE_IDENTIFIER = Palacios.ClipKey.Clipboard;
				PRODUCT_NAME = "$(TARGET_NAME)";
				SKIP_INSTALL = YES;
				SWIFT_VERSION = 4.0;
				TARGETED_DEVICE_FAMILY = "1,2";
			};
			name = Debug;
		};
		F42DCEB51FA417C8002147BB /* Release */ = {
			isa = XCBuildConfiguration;
			baseConfigurationReference = 7BB729375FC12A560B6C10C1 /* Pods-Clipboard.release.xcconfig */;
			buildSettings = {
				CODE_SIGN_ENTITLEMENTS = Clipboard/Clipboard.entitlements;
				CODE_SIGN_STYLE = Automatic;
				DEVELOPMENT_TEAM = 7G8EV52YPP;
				INFOPLIST_FILE = Clipboard/Info.plist;
				LD_RUNPATH_SEARCH_PATHS = "$(inherited) @executable_path/Frameworks @executable_path/../../Frameworks";
				PRODUCT_BUNDLE_IDENTIFIER = Palacios.ClipKey.Clipboard;
				PRODUCT_NAME = "$(TARGET_NAME)";
				SKIP_INSTALL = YES;
				SWIFT_VERSION = 4.0;
				TARGETED_DEVICE_FAMILY = "1,2";
			};
			name = Release;
		};
/* End XCBuildConfiguration section */

/* Begin XCConfigurationList section */
		F42DCE6E1FA41746002147BB /* Build configuration list for PBXProject "ClipKey" */ = {
			isa = XCConfigurationList;
			buildConfigurations = (
				F42DCE9C1FA41747002147BB /* Debug */,
				F42DCE9D1FA41747002147BB /* Release */,
			);
			defaultConfigurationIsVisible = 0;
			defaultConfigurationName = Release;
		};
		F42DCE9E1FA41747002147BB /* Build configuration list for PBXNativeTarget "ClipKey" */ = {
			isa = XCConfigurationList;
			buildConfigurations = (
				F42DCE9F1FA41747002147BB /* Debug */,
				F42DCEA01FA41747002147BB /* Release */,
			);
			defaultConfigurationIsVisible = 0;
			defaultConfigurationName = Release;
		};
		F42DCEA11FA41747002147BB /* Build configuration list for PBXNativeTarget "ClipKeyTests" */ = {
			isa = XCConfigurationList;
			buildConfigurations = (
				F42DCEA21FA41747002147BB /* Debug */,
				F42DCEA31FA41747002147BB /* Release */,
			);
			defaultConfigurationIsVisible = 0;
			defaultConfigurationName = Release;
		};
		F42DCEA41FA41747002147BB /* Build configuration list for PBXNativeTarget "ClipKeyUITests" */ = {
			isa = XCConfigurationList;
			buildConfigurations = (
				F42DCEA51FA41747002147BB /* Debug */,
				F42DCEA61FA41747002147BB /* Release */,
			);
			defaultConfigurationIsVisible = 0;
			defaultConfigurationName = Release;
		};
		F42DCEB31FA417C8002147BB /* Build configuration list for PBXNativeTarget "Clipboard" */ = {
			isa = XCConfigurationList;
			buildConfigurations = (
				F42DCEB41FA417C8002147BB /* Debug */,
				F42DCEB51FA417C8002147BB /* Release */,
			);
			defaultConfigurationIsVisible = 0;
			defaultConfigurationName = Release;
		};
/* End XCConfigurationList section */

/* Begin XCVersionGroup section */
		F42DCE7D1FA41746002147BB /* ClipKey.xcdatamodeld */ = {
			isa = XCVersionGroup;
			children = (
				F42DCE7E1FA41746002147BB /* ClipKey.xcdatamodel */,
			);
			currentVersion = F42DCE7E1FA41746002147BB /* ClipKey.xcdatamodel */;
			path = ClipKey.xcdatamodeld;
			sourceTree = "<group>";
			versionGroupType = wrapper.xcdatamodel;
		};
/* End XCVersionGroup section */
	};
	rootObject = F42DCE6B1FA41746002147BB /* Project object */;
}
